// !$*UTF8*$!
{
	archiveVersion = 1;
	classes = {
	};
	objectVersion = 48;
	objects = {

/* Begin PBXBuildFile section */
		9F3B32AEF97E6EB2EEE44FDF /* libPods-SDDouYin.a in Frameworks */ = {isa = PBXBuildFile; fileRef = C739C8C11D26CF8EAAC43F43 /* libPods-SDDouYin.a */; };
		EF041C9720DCD5480041794B /* SDVideoDetailViewController.m in Sources */ = {isa = PBXBuildFile; fileRef = EF041C9620DCD5480041794B /* SDVideoDetailViewController.m */; };
		EF041C9A20DCE5960041794B /* SDMeStoryViewController.m in Sources */ = {isa = PBXBuildFile; fileRef = EF041C9920DCE5960041794B /* SDMeStoryViewController.m */; };
		EF15CD0020DFA662001FD70F /* SDSearchViewController.m in Sources */ = {isa = PBXBuildFile; fileRef = EF15CCFF20DFA662001FD70F /* SDSearchViewController.m */; };
		EF1EC7FF20C99060006C0BE5 /* SDHomeBtnView.m in Sources */ = {isa = PBXBuildFile; fileRef = EF1EC7FE20C99060006C0BE5 /* SDHomeBtnView.m */; };
		EF21069920ADD1540061B38B /* SDFocusCollectionView.m in Sources */ = {isa = PBXBuildFile; fileRef = EF21069820ADD1540061B38B /* SDFocusCollectionView.m */; };
		EF21069C20ADD1650061B38B /* SDFocusCollectionViewCell.m in Sources */ = {isa = PBXBuildFile; fileRef = EF21069B20ADD1650061B38B /* SDFocusCollectionViewCell.m */; };
		EF21069F20ADD7620061B38B /* SDNearbyListViewController.m in Sources */ = {isa = PBXBuildFile; fileRef = EF21069E20ADD7620061B38B /* SDNearbyListViewController.m */; };
		EF2106A220ADD93A0061B38B /* SDNewsTableView.m in Sources */ = {isa = PBXBuildFile; fileRef = EF2106A120ADD93A0061B38B /* SDNewsTableView.m */; };
		EF2106A520ADD95A0061B38B /* SDNewsTableViewCell.m in Sources */ = {isa = PBXBuildFile; fileRef = EF2106A420ADD95A0061B38B /* SDNewsTableViewCell.m */; };
		EF2106A820ADD9740061B38B /* SDNewsHeadView.m in Sources */ = {isa = PBXBuildFile; fileRef = EF2106A720ADD9740061B38B /* SDNewsHeadView.m */; };
		EF26CF9420A98F74004573D5 /* Main.storyboard in Resources */ = {isa = PBXBuildFile; fileRef = EF26CF9220A98F74004573D5 /* Main.storyboard */; };
		EF26CF9620A98F75004573D5 /* Assets.xcassets in Resources */ = {isa = PBXBuildFile; fileRef = EF26CF9520A98F75004573D5 /* Assets.xcassets */; };
		EF26CF9920A98F75004573D5 /* LaunchScreen.storyboard in Resources */ = {isa = PBXBuildFile; fileRef = EF26CF9720A98F75004573D5 /* LaunchScreen.storyboard */; };
		EF26CF9C20A98F75004573D5 /* main.m in Sources */ = {isa = PBXBuildFile; fileRef = EF26CF9B20A98F75004573D5 /* main.m */; };
		EF26CFA620A98F77004573D5 /* SDDouYinTests.m in Sources */ = {isa = PBXBuildFile; fileRef = EF26CFA520A98F77004573D5 /* SDDouYinTests.m */; };
		EF26CFB120A98F78004573D5 /* SDDouYinUITests.m in Sources */ = {isa = PBXBuildFile; fileRef = EF26CFB020A98F78004573D5 /* SDDouYinUITests.m */; };
		EF26CFCA20A992BF004573D5 /* AppDelegate.m in Sources */ = {isa = PBXBuildFile; fileRef = EF26CFC720A992BF004573D5 /* AppDelegate.m */; };
		EF26CFCB20A992BF004573D5 /* ViewController.m in Sources */ = {isa = PBXBuildFile; fileRef = EF26CFC920A992BF004573D5 /* ViewController.m */; };
		EF26D01920A992E0004573D5 /* SDHelper.m in Sources */ = {isa = PBXBuildFile; fileRef = EF26CFCE20A992DD004573D5 /* SDHelper.m */; };
		EF26D01A20A992E0004573D5 /* SDHttpTool.m in Sources */ = {isa = PBXBuildFile; fileRef = EF26CFD220A992DD004573D5 /* SDHttpTool.m */; };
		EF26D02920A992E0004573D5 /* UIBarButtonItem+Extension.m in Sources */ = {isa = PBXBuildFile; fileRef = EF26CFF720A992DF004573D5 /* UIBarButtonItem+Extension.m */; };
		EF26D02A20A992E0004573D5 /* UIImage+SDImage.m in Sources */ = {isa = PBXBuildFile; fileRef = EF26CFF920A992DF004573D5 /* UIImage+SDImage.m */; };
		EF26D03920A99510004573D5 /* MJExtensionConfig.m in Sources */ = {isa = PBXBuildFile; fileRef = EF26D03820A99510004573D5 /* MJExtensionConfig.m */; };
		EF26D05120A99652004573D5 /* SDMeViewController.m in Sources */ = {isa = PBXBuildFile; fileRef = EF26D04520A99651004573D5 /* SDMeViewController.m */; };
		EF26D06E20AA7024004573D5 /* SDLoginViewController.m in Sources */ = {isa = PBXBuildFile; fileRef = EF26D06D20AA7024004573D5 /* SDLoginViewController.m */; };
		EF26D07120AA7031004573D5 /* SDAddViewController.m in Sources */ = {isa = PBXBuildFile; fileRef = EF26D07020AA7031004573D5 /* SDAddViewController.m */; };
		EF26D07420AA7040004573D5 /* SDFocusViewController.m in Sources */ = {isa = PBXBuildFile; fileRef = EF26D07320AA7040004573D5 /* SDFocusViewController.m */; };
		EF26D07720AA704B004573D5 /* SDHomeViewController.m in Sources */ = {isa = PBXBuildFile; fileRef = EF26D07620AA704B004573D5 /* SDHomeViewController.m */; };
		EF26D07A20AA7057004573D5 /* SDNewsViewController.m in Sources */ = {isa = PBXBuildFile; fileRef = EF26D07920AA7057004573D5 /* SDNewsViewController.m */; };
		EF26D07D20AA8BB4004573D5 /* SDRecommendViewController.m in Sources */ = {isa = PBXBuildFile; fileRef = EF26D07C20AA8BB4004573D5 /* SDRecommendViewController.m */; };
		EF26D08020AA8BE9004573D5 /* SDNearbyViewController.m in Sources */ = {isa = PBXBuildFile; fileRef = EF26D07F20AA8BE9004573D5 /* SDNearbyViewController.m */; };
		EF26D08320AA8C7C004573D5 /* SDShowTopView.m in Sources */ = {isa = PBXBuildFile; fileRef = EF26D08120AA8C7C004573D5 /* SDShowTopView.m */; };
		EF31731E20DA3C87004BEA6F /* SDBaseTableView.m in Sources */ = {isa = PBXBuildFile; fileRef = EF31730720DA3C86004BEA6F /* SDBaseTableView.m */; };
		EF31731F20DA3C87004BEA6F /* SDBaseTableViewCell.m in Sources */ = {isa = PBXBuildFile; fileRef = EF31730920DA3C86004BEA6F /* SDBaseTableViewCell.m */; };
		EF31732320DA3C87004BEA6F /* SDTabBar.m in Sources */ = {isa = PBXBuildFile; fileRef = EF31731320DA3C86004BEA6F /* SDTabBar.m */; };
		EF31732420DA3C87004BEA6F /* SDTabBarViewController.m in Sources */ = {isa = PBXBuildFile; fileRef = EF31731520DA3C86004BEA6F /* SDTabBarViewController.m */; };
		EF31732520DA3C87004BEA6F /* SDBaseHandler.m in Sources */ = {isa = PBXBuildFile; fileRef = EF31731820DA3C86004BEA6F /* SDBaseHandler.m */; };
		EF31732620DA3C87004BEA6F /* SDBaseNavigationController.m in Sources */ = {isa = PBXBuildFile; fileRef = EF31731B20DA3C86004BEA6F /* SDBaseNavigationController.m */; };
		EF31732720DA3C87004BEA6F /* SDBaseNavigationView.m in Sources */ = {isa = PBXBuildFile; fileRef = EF31731D20DA3C86004BEA6F /* SDBaseNavigationView.m */; };
		EF31732A20DA3CC0004BEA6F /* SDBaseModel.m in Sources */ = {isa = PBXBuildFile; fileRef = EF31732920DA3CC0004BEA6F /* SDBaseModel.m */; };
		EF31732D20DA3D92004BEA6F /* SDShortVideoModel.m in Sources */ = {isa = PBXBuildFile; fileRef = EF31732C20DA3D92004BEA6F /* SDShortVideoModel.m */; };
		EF31733020DA5340004BEA6F /* SDVideoModel.m in Sources */ = {isa = PBXBuildFile; fileRef = EF31732F20DA5340004BEA6F /* SDVideoModel.m */; };
		EF3F07DA20C930F2001F9DC5 /* SDHomeBtnItem.m in Sources */ = {isa = PBXBuildFile; fileRef = EF3F07D920C930F2001F9DC5 /* SDHomeBtnItem.m */; };
		EF42987220DCD4C9008174EA /* BaseViewController.m in Sources */ = {isa = PBXBuildFile; fileRef = EF42986D20DCD4C9008174EA /* BaseViewController.m */; };
		EF42987320DCD4C9008174EA /* SDBaseHiddenViewController.m in Sources */ = {isa = PBXBuildFile; fileRef = EF42986E20DCD4C9008174EA /* SDBaseHiddenViewController.m */; };
		EF42987420DCD4C9008174EA /* SDBaseViewController.m in Sources */ = {isa = PBXBuildFile; fileRef = EF42986F20DCD4C9008174EA /* SDBaseViewController.m */; };
		EF58F1FB20AC8A180009DE08 /* SDNearbyCollectionView.m in Sources */ = {isa = PBXBuildFile; fileRef = EF58F1FA20AC8A180009DE08 /* SDNearbyCollectionView.m */; };
		EF58F1FE20AC8A2F0009DE08 /* SDNearbyCollectionViewCell.m in Sources */ = {isa = PBXBuildFile; fileRef = EF58F1FD20AC8A2F0009DE08 /* SDNearbyCollectionViewCell.m */; };
		EF5999F320E3552B003D0392 /* SDHeadViewConfig.m in Sources */ = {isa = PBXBuildFile; fileRef = EF5999F220E3552B003D0392 /* SDHeadViewConfig.m */; };
		EF5999F620E37738003D0392 /* UIViewController+SDTransitionAnimation.m in Sources */ = {isa = PBXBuildFile; fileRef = EF5999F520E37738003D0392 /* UIViewController+SDTransitionAnimation.m */; };
		EF5999F920E377DB003D0392 /* UIViewController+SDScrollView.m in Sources */ = {isa = PBXBuildFile; fileRef = EF5999F820E377DB003D0392 /* UIViewController+SDScrollView.m */; };
		EF599A0020E38AF5003D0392 /* UIView+SDView.m in Sources */ = {isa = PBXBuildFile; fileRef = EF5999FF20E38AF5003D0392 /* UIView+SDView.m */; };
		EF70B5A620F4E34500C14323 /* SDAwemeFeed.json in Resources */ = {isa = PBXBuildFile; fileRef = EF70B5A520F4E34500C14323 /* SDAwemeFeed.json */; };
		EF70B5A820F4E76300C14323 /* SDAwemeNearbyFeed.json in Resources */ = {isa = PBXBuildFile; fileRef = EF70B5A720F4E76300C14323 /* SDAwemeNearbyFeed.json */; };
		EF70BD7320E28F240090FC3F /* SDBaseLeftSlidingViewController.m in Sources */ = {isa = PBXBuildFile; fileRef = EF70BD7220E28F240090FC3F /* SDBaseLeftSlidingViewController.m */; };
		EF7370BA20E4722E003971D8 /* SDLeftSlidingAnimation.m in Sources */ = {isa = PBXBuildFile; fileRef = EF7370B920E4722E003971D8 /* SDLeftSlidingAnimation.m */; };
		EF7370BD20E47269003971D8 /* SDBaseAnimationTransition.m in Sources */ = {isa = PBXBuildFile; fileRef = EF7370BC20E47269003971D8 /* SDBaseAnimationTransition.m */; };
		EF7370C120E4C2DC003971D8 /* SDAnimationTool.m in Sources */ = {isa = PBXBuildFile; fileRef = EF7370C020E4C2DC003971D8 /* SDAnimationTool.m */; };
		EF77B11820F8985F005BB591 /* SDFocusTool.m in Sources */ = {isa = PBXBuildFile; fileRef = EF77B11620F8985F005BB591 /* SDFocusTool.m */; };
		EF77B11A20F898AE005BB591 /* SDFollowFeed.json in Resources */ = {isa = PBXBuildFile; fileRef = EF77B11920F898AE005BB591 /* SDFollowFeed.json */; };
		EF77B11D20F89961005BB591 /* SDFollowFeedModel.m in Sources */ = {isa = PBXBuildFile; fileRef = EF77B11C20F89961005BB591 /* SDFollowFeedModel.m */; };
		EF77B12020F89E55005BB591 /* SDComment.m in Sources */ = {isa = PBXBuildFile; fileRef = EF77B11F20F89E55005BB591 /* SDComment.m */; };
		EF7C654B20CE169E009E7915 /* SDPlayerScrollView.m in Sources */ = {isa = PBXBuildFile; fileRef = EF7C654A20CE169E009E7915 /* SDPlayerScrollView.m */; };
		EF94FF5220E8DC4F003532E7 /* SDUserModel.m in Sources */ = {isa = PBXBuildFile; fileRef = EF94FF5120E8DC4F003532E7 /* SDUserModel.m */; };
		EF94FF5520E8DF2A003532E7 /* SDUserTool.m in Sources */ = {isa = PBXBuildFile; fileRef = EF94FF5420E8DF2A003532E7 /* SDUserTool.m */; };
		EF94FF5920E8E4A7003532E7 /* user.json in Resources */ = {isa = PBXBuildFile; fileRef = EF94FF5820E8E4A7003532E7 /* user.json */; };
		EF94FF5B20E8E817003532E7 /* SDUserData.json in Resources */ = {isa = PBXBuildFile; fileRef = EF94FF5A20E8E817003532E7 /* SDUserData.json */; };
		EF94FF5E20E8EB01003532E7 /* SDObject.m in Sources */ = {isa = PBXBuildFile; fileRef = EF94FF5D20E8EB01003532E7 /* SDObject.m */; };
		EFBA6EB12106095C0094E0E5 /* douyin.gif in Resources */ = {isa = PBXBuildFile; fileRef = EFBA6EB02106095C0094E0E5 /* douyin.gif */; };
		EFCC623820B93CE500C8FA7A /* SDMeHeadView.m in Sources */ = {isa = PBXBuildFile; fileRef = EFCC623720B93CE500C8FA7A /* SDMeHeadView.m */; };
		EFCC623B20B93FA400C8FA7A /* NSString+SDString.m in Sources */ = {isa = PBXBuildFile; fileRef = EFCC623A20B93FA400C8FA7A /* NSString+SDString.m */; };
		EFCC623E20B940B300C8FA7A /* SDUser.m in Sources */ = {isa = PBXBuildFile; fileRef = EFCC623D20B940B300C8FA7A /* SDUser.m */; };
		EFCC624120B9412000C8FA7A /* SDMeHeadTopView.m in Sources */ = {isa = PBXBuildFile; fileRef = EFCC624020B9412000C8FA7A /* SDMeHeadTopView.m */; };
		EFCC624420B951F400C8FA7A /* SDMeEditViewController.m in Sources */ = {isa = PBXBuildFile; fileRef = EFCC624320B951F400C8FA7A /* SDMeEditViewController.m */; };
		EFCC624720B954B300C8FA7A /* SDMeWorksViewController.m in Sources */ = {isa = PBXBuildFile; fileRef = EFCC624620B954B300C8FA7A /* SDMeWorksViewController.m */; };
		EFCC624A20B954C900C8FA7A /* SDMeLikeViewController.m in Sources */ = {isa = PBXBuildFile; fileRef = EFCC624920B954C900C8FA7A /* SDMeLikeViewController.m */; };
		EFCC624D20B956F200C8FA7A /* SDMeHeadTitleView.m in Sources */ = {isa = PBXBuildFile; fileRef = EFCC624C20B956F200C8FA7A /* SDMeHeadTitleView.m */; };
		EFCC625320B9C42B00C8FA7A /* SDMeCollectionView.m in Sources */ = {isa = PBXBuildFile; fileRef = EFCC625220B9C42B00C8FA7A /* SDMeCollectionView.m */; };
		EFCC625620B9C43900C8FA7A /* SDMeCollectionViewCell.m in Sources */ = {isa = PBXBuildFile; fileRef = EFCC625520B9C43900C8FA7A /* SDMeCollectionViewCell.m */; };
		EFCC625920BAF23C00C8FA7A /* SDNotificationConst.m in Sources */ = {isa = PBXBuildFile; fileRef = EFCC625820BAF23C00C8FA7A /* SDNotificationConst.m */; };
		EFE64EC720B473B0006C3D86 /* libstdc++.6.tbd in Frameworks */ = {isa = PBXBuildFile; fileRef = EFE64EC620B473B0006C3D86 /* libstdc++.6.tbd */; };
		EFE64EC920B473BD006C3D86 /* libbz2.tbd in Frameworks */ = {isa = PBXBuildFile; fileRef = EFE64EC820B473BD006C3D86 /* libbz2.tbd */; };
		EFE64ECB20B473C7006C3D86 /* libz.tbd in Frameworks */ = {isa = PBXBuildFile; fileRef = EFE64ECA20B473C7006C3D86 /* libz.tbd */; };
		EFE64ECC20B473D3006C3D86 /* VideoToolbox.framework in Frameworks */ = {isa = PBXBuildFile; fileRef = EFE64EC520B473A0006C3D86 /* VideoToolbox.framework */; };
		EFF0590F20F1F7A500792DBF /* SDHomeTool.m in Sources */ = {isa = PBXBuildFile; fileRef = EFF0590E20F1F7A500792DBF /* SDHomeTool.m */; };
		EFF0591220F2063700792DBF /* SDAwemeFeedModel.m in Sources */ = {isa = PBXBuildFile; fileRef = EFF0591120F2063700792DBF /* SDAwemeFeedModel.m */; };
		EFF0591520F2150900792DBF /* SDAwemeNearbyFeedModel.m in Sources */ = {isa = PBXBuildFile; fileRef = EFF0591420F2150900792DBF /* SDAwemeNearbyFeedModel.m */; };
		EFF4A59020E9DB2100ACDC7F /* SDAwemeList.m in Sources */ = {isa = PBXBuildFile; fileRef = EFF4A58F20E9DB2100ACDC7F /* SDAwemeList.m */; };
		EFF4A59320E9DB3E00ACDC7F /* SDAweme.m in Sources */ = {isa = PBXBuildFile; fileRef = EFF4A59220E9DB3E00ACDC7F /* SDAweme.m */; };
		EFF4A59920E9ECE400ACDC7F /* SDAvatarLarger.m in Sources */ = {isa = PBXBuildFile; fileRef = EFF4A59820E9ECE400ACDC7F /* SDAvatarLarger.m */; };
		EFF4A59C20E9ED9500ACDC7F /* SDVideo.m in Sources */ = {isa = PBXBuildFile; fileRef = EFF4A59B20E9ED9500ACDC7F /* SDVideo.m */; };
		EFF4A59F20E9F1FA00ACDC7F /* SDMusic.m in Sources */ = {isa = PBXBuildFile; fileRef = EFF4A59E20E9F1FA00ACDC7F /* SDMusic.m */; };
		EFF4A5A120E9FCE500ACDC7F /* SDAweme.json in Resources */ = {isa = PBXBuildFile; fileRef = EFF4A5A020E9FCE500ACDC7F /* SDAweme.json */; };
/* End PBXBuildFile section */

/* Begin PBXContainerItemProxy section */
		EF26CFA220A98F77004573D5 /* PBXContainerItemProxy */ = {
			isa = PBXContainerItemProxy;
			containerPortal = EF26CF8120A98F73004573D5 /* Project object */;
			proxyType = 1;
			remoteGlobalIDString = EF26CF8820A98F73004573D5;
			remoteInfo = SDDouYin;
		};
		EF26CFAD20A98F78004573D5 /* PBXContainerItemProxy */ = {
			isa = PBXContainerItemProxy;
			containerPortal = EF26CF8120A98F73004573D5 /* Project object */;
			proxyType = 1;
			remoteGlobalIDString = EF26CF8820A98F73004573D5;
			remoteInfo = SDDouYin;
		};
/* End PBXContainerItemProxy section */

/* Begin PBXFileReference section */
		8391531588B2795116B10B7F /* Pods-SDDouYin.debug.xcconfig */ = {isa = PBXFileReference; includeInIndex = 1; lastKnownFileType = text.xcconfig; name = "Pods-SDDouYin.debug.xcconfig"; path = "Pods/Target Support Files/Pods-SDDouYin/Pods-SDDouYin.debug.xcconfig"; sourceTree = "<group>"; };
		A3CDE64C0DC54377064539F6 /* Pods-SDDouYin.release.xcconfig */ = {isa = PBXFileReference; includeInIndex = 1; lastKnownFileType = text.xcconfig; name = "Pods-SDDouYin.release.xcconfig"; path = "Pods/Target Support Files/Pods-SDDouYin/Pods-SDDouYin.release.xcconfig"; sourceTree = "<group>"; };
		C739C8C11D26CF8EAAC43F43 /* libPods-SDDouYin.a */ = {isa = PBXFileReference; explicitFileType = archive.ar; includeInIndex = 0; path = "libPods-SDDouYin.a"; sourceTree = BUILT_PRODUCTS_DIR; };
		EF041C9520DCD5480041794B /* SDVideoDetailViewController.h */ = {isa = PBXFileReference; lastKnownFileType = sourcecode.c.h; path = SDVideoDetailViewController.h; sourceTree = "<group>"; };
		EF041C9620DCD5480041794B /* SDVideoDetailViewController.m */ = {isa = PBXFileReference; lastKnownFileType = sourcecode.c.objc; path = SDVideoDetailViewController.m; sourceTree = "<group>"; };
		EF041C9820DCE5960041794B /* SDMeStoryViewController.h */ = {isa = PBXFileReference; lastKnownFileType = sourcecode.c.h; path = SDMeStoryViewController.h; sourceTree = "<group>"; };
		EF041C9920DCE5960041794B /* SDMeStoryViewController.m */ = {isa = PBXFileReference; lastKnownFileType = sourcecode.c.objc; path = SDMeStoryViewController.m; sourceTree = "<group>"; };
		EF15CCFE20DFA662001FD70F /* SDSearchViewController.h */ = {isa = PBXFileReference; lastKnownFileType = sourcecode.c.h; path = SDSearchViewController.h; sourceTree = "<group>"; };
		EF15CCFF20DFA662001FD70F /* SDSearchViewController.m */ = {isa = PBXFileReference; lastKnownFileType = sourcecode.c.objc; path = SDSearchViewController.m; sourceTree = "<group>"; };
		EF1EC7FD20C99060006C0BE5 /* SDHomeBtnView.h */ = {isa = PBXFileReference; lastKnownFileType = sourcecode.c.h; path = SDHomeBtnView.h; sourceTree = "<group>"; };
		EF1EC7FE20C99060006C0BE5 /* SDHomeBtnView.m */ = {isa = PBXFileReference; lastKnownFileType = sourcecode.c.objc; path = SDHomeBtnView.m; sourceTree = "<group>"; };
		EF21069720ADD1540061B38B /* SDFocusCollectionView.h */ = {isa = PBXFileReference; lastKnownFileType = sourcecode.c.h; path = SDFocusCollectionView.h; sourceTree = "<group>"; };
		EF21069820ADD1540061B38B /* SDFocusCollectionView.m */ = {isa = PBXFileReference; lastKnownFileType = sourcecode.c.objc; path = SDFocusCollectionView.m; sourceTree = "<group>"; };
		EF21069A20ADD1650061B38B /* SDFocusCollectionViewCell.h */ = {isa = PBXFileReference; lastKnownFileType = sourcecode.c.h; path = SDFocusCollectionViewCell.h; sourceTree = "<group>"; };
		EF21069B20ADD1650061B38B /* SDFocusCollectionViewCell.m */ = {isa = PBXFileReference; lastKnownFileType = sourcecode.c.objc; path = SDFocusCollectionViewCell.m; sourceTree = "<group>"; };
		EF21069D20ADD7620061B38B /* SDNearbyListViewController.h */ = {isa = PBXFileReference; lastKnownFileType = sourcecode.c.h; path = SDNearbyListViewController.h; sourceTree = "<group>"; };
		EF21069E20ADD7620061B38B /* SDNearbyListViewController.m */ = {isa = PBXFileReference; lastKnownFileType = sourcecode.c.objc; path = SDNearbyListViewController.m; sourceTree = "<group>"; };
		EF2106A020ADD93A0061B38B /* SDNewsTableView.h */ = {isa = PBXFileReference; lastKnownFileType = sourcecode.c.h; path = SDNewsTableView.h; sourceTree = "<group>"; };
		EF2106A120ADD93A0061B38B /* SDNewsTableView.m */ = {isa = PBXFileReference; lastKnownFileType = sourcecode.c.objc; path = SDNewsTableView.m; sourceTree = "<group>"; };
		EF2106A320ADD95A0061B38B /* SDNewsTableViewCell.h */ = {isa = PBXFileReference; lastKnownFileType = sourcecode.c.h; path = SDNewsTableViewCell.h; sourceTree = "<group>"; };
		EF2106A420ADD95A0061B38B /* SDNewsTableViewCell.m */ = {isa = PBXFileReference; lastKnownFileType = sourcecode.c.objc; path = SDNewsTableViewCell.m; sourceTree = "<group>"; };
		EF2106A620ADD9740061B38B /* SDNewsHeadView.h */ = {isa = PBXFileReference; lastKnownFileType = sourcecode.c.h; path = SDNewsHeadView.h; sourceTree = "<group>"; };
		EF2106A720ADD9740061B38B /* SDNewsHeadView.m */ = {isa = PBXFileReference; lastKnownFileType = sourcecode.c.objc; path = SDNewsHeadView.m; sourceTree = "<group>"; };
		EF26CF8920A98F73004573D5 /* SDDouYin.app */ = {isa = PBXFileReference; explicitFileType = wrapper.application; includeInIndex = 0; path = SDDouYin.app; sourceTree = BUILT_PRODUCTS_DIR; };
		EF26CF9320A98F74004573D5 /* Base */ = {isa = PBXFileReference; lastKnownFileType = file.storyboard; name = Base; path = Base.lproj/Main.storyboard; sourceTree = "<group>"; };
		EF26CF9520A98F75004573D5 /* Assets.xcassets */ = {isa = PBXFileReference; lastKnownFileType = folder.assetcatalog; path = Assets.xcassets; sourceTree = "<group>"; };
		EF26CF9820A98F75004573D5 /* Base */ = {isa = PBXFileReference; lastKnownFileType = file.storyboard; name = Base; path = Base.lproj/LaunchScreen.storyboard; sourceTree = "<group>"; };
		EF26CF9A20A98F75004573D5 /* Info.plist */ = {isa = PBXFileReference; lastKnownFileType = text.plist.xml; path = Info.plist; sourceTree = "<group>"; };
		EF26CF9B20A98F75004573D5 /* main.m */ = {isa = PBXFileReference; lastKnownFileType = sourcecode.c.objc; path = main.m; sourceTree = "<group>"; };
		EF26CFA120A98F77004573D5 /* SDDouYinTests.xctest */ = {isa = PBXFileReference; explicitFileType = wrapper.cfbundle; includeInIndex = 0; path = SDDouYinTests.xctest; sourceTree = BUILT_PRODUCTS_DIR; };
		EF26CFA520A98F77004573D5 /* SDDouYinTests.m */ = {isa = PBXFileReference; lastKnownFileType = sourcecode.c.objc; path = SDDouYinTests.m; sourceTree = "<group>"; };
		EF26CFA720A98F77004573D5 /* Info.plist */ = {isa = PBXFileReference; lastKnownFileType = text.plist.xml; path = Info.plist; sourceTree = "<group>"; };
		EF26CFAC20A98F78004573D5 /* SDDouYinUITests.xctest */ = {isa = PBXFileReference; explicitFileType = wrapper.cfbundle; includeInIndex = 0; path = SDDouYinUITests.xctest; sourceTree = BUILT_PRODUCTS_DIR; };
		EF26CFB020A98F78004573D5 /* SDDouYinUITests.m */ = {isa = PBXFileReference; lastKnownFileType = sourcecode.c.objc; path = SDDouYinUITests.m; sourceTree = "<group>"; };
		EF26CFB220A98F78004573D5 /* Info.plist */ = {isa = PBXFileReference; lastKnownFileType = text.plist.xml; path = Info.plist; sourceTree = "<group>"; };
		EF26CFC620A992BF004573D5 /* AppDelegate.h */ = {isa = PBXFileReference; fileEncoding = 4; lastKnownFileType = sourcecode.c.h; path = AppDelegate.h; sourceTree = "<group>"; };
		EF26CFC720A992BF004573D5 /* AppDelegate.m */ = {isa = PBXFileReference; fileEncoding = 4; lastKnownFileType = sourcecode.c.objc; path = AppDelegate.m; sourceTree = "<group>"; };
		EF26CFC820A992BF004573D5 /* ViewController.h */ = {isa = PBXFileReference; fileEncoding = 4; lastKnownFileType = sourcecode.c.h; path = ViewController.h; sourceTree = "<group>"; };
		EF26CFC920A992BF004573D5 /* ViewController.m */ = {isa = PBXFileReference; fileEncoding = 4; lastKnownFileType = sourcecode.c.objc; path = ViewController.m; sourceTree = "<group>"; };
		EF26CFCD20A992DD004573D5 /* SDHelper.h */ = {isa = PBXFileReference; fileEncoding = 4; lastKnownFileType = sourcecode.c.h; path = SDHelper.h; sourceTree = "<group>"; };
		EF26CFCE20A992DD004573D5 /* SDHelper.m */ = {isa = PBXFileReference; fileEncoding = 4; lastKnownFileType = sourcecode.c.objc; path = SDHelper.m; sourceTree = "<group>"; };
		EF26CFD020A992DD004573D5 /* APIConfig.h */ = {isa = PBXFileReference; fileEncoding = 4; lastKnownFileType = sourcecode.c.h; path = APIConfig.h; sourceTree = "<group>"; };
		EF26CFD120A992DD004573D5 /* SDHttpTool.h */ = {isa = PBXFileReference; fileEncoding = 4; lastKnownFileType = sourcecode.c.h; path = SDHttpTool.h; sourceTree = "<group>"; };
		EF26CFD220A992DD004573D5 /* SDHttpTool.m */ = {isa = PBXFileReference; fileEncoding = 4; lastKnownFileType = sourcecode.c.objc; path = SDHttpTool.m; sourceTree = "<group>"; };
		EF26CFF620A992DF004573D5 /* UIBarButtonItem+Extension.h */ = {isa = PBXFileReference; fileEncoding = 4; lastKnownFileType = sourcecode.c.h; path = "UIBarButtonItem+Extension.h"; sourceTree = "<group>"; };
		EF26CFF720A992DF004573D5 /* UIBarButtonItem+Extension.m */ = {isa = PBXFileReference; fileEncoding = 4; lastKnownFileType = sourcecode.c.objc; path = "UIBarButtonItem+Extension.m"; sourceTree = "<group>"; };
		EF26CFF820A992DF004573D5 /* UIImage+SDImage.h */ = {isa = PBXFileReference; fileEncoding = 4; lastKnownFileType = sourcecode.c.h; path = "UIImage+SDImage.h"; sourceTree = "<group>"; };
		EF26CFF920A992DF004573D5 /* UIImage+SDImage.m */ = {isa = PBXFileReference; fileEncoding = 4; lastKnownFileType = sourcecode.c.objc; path = "UIImage+SDImage.m"; sourceTree = "<group>"; };
		EF26D03520A994DD004573D5 /* SDDouYin.pch */ = {isa = PBXFileReference; lastKnownFileType = sourcecode.c.h; path = SDDouYin.pch; sourceTree = "<group>"; };
		EF26D03620A994FF004573D5 /* SDMacros.h */ = {isa = PBXFileReference; fileEncoding = 4; lastKnownFileType = sourcecode.c.h; path = SDMacros.h; sourceTree = "<group>"; };
		EF26D03720A99510004573D5 /* MJExtensionConfig.h */ = {isa = PBXFileReference; fileEncoding = 4; lastKnownFileType = sourcecode.c.h; path = MJExtensionConfig.h; sourceTree = "<group>"; };
		EF26D03820A99510004573D5 /* MJExtensionConfig.m */ = {isa = PBXFileReference; fileEncoding = 4; lastKnownFileType = sourcecode.c.objc; path = MJExtensionConfig.m; sourceTree = "<group>"; };
		EF26D04420A99651004573D5 /* SDMeViewController.h */ = {isa = PBXFileReference; fileEncoding = 4; lastKnownFileType = sourcecode.c.h; path = SDMeViewController.h; sourceTree = "<group>"; };
		EF26D04520A99651004573D5 /* SDMeViewController.m */ = {isa = PBXFileReference; fileEncoding = 4; lastKnownFileType = sourcecode.c.objc; path = SDMeViewController.m; sourceTree = "<group>"; };
		EF26D06C20AA7024004573D5 /* SDLoginViewController.h */ = {isa = PBXFileReference; lastKnownFileType = sourcecode.c.h; path = SDLoginViewController.h; sourceTree = "<group>"; };
		EF26D06D20AA7024004573D5 /* SDLoginViewController.m */ = {isa = PBXFileReference; lastKnownFileType = sourcecode.c.objc; path = SDLoginViewController.m; sourceTree = "<group>"; };
		EF26D06F20AA7031004573D5 /* SDAddViewController.h */ = {isa = PBXFileReference; lastKnownFileType = sourcecode.c.h; path = SDAddViewController.h; sourceTree = "<group>"; };
		EF26D07020AA7031004573D5 /* SDAddViewController.m */ = {isa = PBXFileReference; lastKnownFileType = sourcecode.c.objc; path = SDAddViewController.m; sourceTree = "<group>"; };
		EF26D07220AA7040004573D5 /* SDFocusViewController.h */ = {isa = PBXFileReference; lastKnownFileType = sourcecode.c.h; path = SDFocusViewController.h; sourceTree = "<group>"; };
		EF26D07320AA7040004573D5 /* SDFocusViewController.m */ = {isa = PBXFileReference; lastKnownFileType = sourcecode.c.objc; path = SDFocusViewController.m; sourceTree = "<group>"; };
		EF26D07520AA704B004573D5 /* SDHomeViewController.h */ = {isa = PBXFileReference; lastKnownFileType = sourcecode.c.h; path = SDHomeViewController.h; sourceTree = "<group>"; };
		EF26D07620AA704B004573D5 /* SDHomeViewController.m */ = {isa = PBXFileReference; lastKnownFileType = sourcecode.c.objc; path = SDHomeViewController.m; sourceTree = "<group>"; };
		EF26D07820AA7057004573D5 /* SDNewsViewController.h */ = {isa = PBXFileReference; lastKnownFileType = sourcecode.c.h; path = SDNewsViewController.h; sourceTree = "<group>"; };
		EF26D07920AA7057004573D5 /* SDNewsViewController.m */ = {isa = PBXFileReference; lastKnownFileType = sourcecode.c.objc; path = SDNewsViewController.m; sourceTree = "<group>"; };
		EF26D07B20AA8BB4004573D5 /* SDRecommendViewController.h */ = {isa = PBXFileReference; lastKnownFileType = sourcecode.c.h; path = SDRecommendViewController.h; sourceTree = "<group>"; };
		EF26D07C20AA8BB4004573D5 /* SDRecommendViewController.m */ = {isa = PBXFileReference; lastKnownFileType = sourcecode.c.objc; path = SDRecommendViewController.m; sourceTree = "<group>"; };
		EF26D07E20AA8BE9004573D5 /* SDNearbyViewController.h */ = {isa = PBXFileReference; lastKnownFileType = sourcecode.c.h; path = SDNearbyViewController.h; sourceTree = "<group>"; };
		EF26D07F20AA8BE9004573D5 /* SDNearbyViewController.m */ = {isa = PBXFileReference; lastKnownFileType = sourcecode.c.objc; path = SDNearbyViewController.m; sourceTree = "<group>"; };
		EF26D08120AA8C7C004573D5 /* SDShowTopView.m */ = {isa = PBXFileReference; fileEncoding = 4; lastKnownFileType = sourcecode.c.objc; path = SDShowTopView.m; sourceTree = "<group>"; };
		EF26D08220AA8C7C004573D5 /* SDShowTopView.h */ = {isa = PBXFileReference; fileEncoding = 4; lastKnownFileType = sourcecode.c.h; path = SDShowTopView.h; sourceTree = "<group>"; };
		EF31730620DA3C86004BEA6F /* SDBaseTableView.h */ = {isa = PBXFileReference; fileEncoding = 4; lastKnownFileType = sourcecode.c.h; path = SDBaseTableView.h; sourceTree = "<group>"; };
		EF31730720DA3C86004BEA6F /* SDBaseTableView.m */ = {isa = PBXFileReference; fileEncoding = 4; lastKnownFileType = sourcecode.c.objc; path = SDBaseTableView.m; sourceTree = "<group>"; };
		EF31730820DA3C86004BEA6F /* SDBaseTableViewCell.h */ = {isa = PBXFileReference; fileEncoding = 4; lastKnownFileType = sourcecode.c.h; path = SDBaseTableViewCell.h; sourceTree = "<group>"; };
		EF31730920DA3C86004BEA6F /* SDBaseTableViewCell.m */ = {isa = PBXFileReference; fileEncoding = 4; lastKnownFileType = sourcecode.c.objc; path = SDBaseTableViewCell.m; sourceTree = "<group>"; };
		EF31731220DA3C86004BEA6F /* SDTabBar.h */ = {isa = PBXFileReference; fileEncoding = 4; lastKnownFileType = sourcecode.c.h; path = SDTabBar.h; sourceTree = "<group>"; };
		EF31731320DA3C86004BEA6F /* SDTabBar.m */ = {isa = PBXFileReference; fileEncoding = 4; lastKnownFileType = sourcecode.c.objc; path = SDTabBar.m; sourceTree = "<group>"; };
		EF31731420DA3C86004BEA6F /* SDTabBarViewController.h */ = {isa = PBXFileReference; fileEncoding = 4; lastKnownFileType = sourcecode.c.h; path = SDTabBarViewController.h; sourceTree = "<group>"; };
		EF31731520DA3C86004BEA6F /* SDTabBarViewController.m */ = {isa = PBXFileReference; fileEncoding = 4; lastKnownFileType = sourcecode.c.objc; path = SDTabBarViewController.m; sourceTree = "<group>"; };
		EF31731720DA3C86004BEA6F /* SDBaseHandler.h */ = {isa = PBXFileReference; fileEncoding = 4; lastKnownFileType = sourcecode.c.h; path = SDBaseHandler.h; sourceTree = "<group>"; };
		EF31731820DA3C86004BEA6F /* SDBaseHandler.m */ = {isa = PBXFileReference; fileEncoding = 4; lastKnownFileType = sourcecode.c.objc; path = SDBaseHandler.m; sourceTree = "<group>"; };
		EF31731A20DA3C86004BEA6F /* SDBaseNavigationController.h */ = {isa = PBXFileReference; fileEncoding = 4; lastKnownFileType = sourcecode.c.h; path = SDBaseNavigationController.h; sourceTree = "<group>"; };
		EF31731B20DA3C86004BEA6F /* SDBaseNavigationController.m */ = {isa = PBXFileReference; fileEncoding = 4; lastKnownFileType = sourcecode.c.objc; path = SDBaseNavigationController.m; sourceTree = "<group>"; };
		EF31731C20DA3C86004BEA6F /* SDBaseNavigationView.h */ = {isa = PBXFileReference; fileEncoding = 4; lastKnownFileType = sourcecode.c.h; path = SDBaseNavigationView.h; sourceTree = "<group>"; };
		EF31731D20DA3C86004BEA6F /* SDBaseNavigationView.m */ = {isa = PBXFileReference; fileEncoding = 4; lastKnownFileType = sourcecode.c.objc; path = SDBaseNavigationView.m; sourceTree = "<group>"; };
		EF31732820DA3CC0004BEA6F /* SDBaseModel.h */ = {isa = PBXFileReference; lastKnownFileType = sourcecode.c.h; path = SDBaseModel.h; sourceTree = "<group>"; };
		EF31732920DA3CC0004BEA6F /* SDBaseModel.m */ = {isa = PBXFileReference; lastKnownFileType = sourcecode.c.objc; path = SDBaseModel.m; sourceTree = "<group>"; };
		EF31732B20DA3D92004BEA6F /* SDShortVideoModel.h */ = {isa = PBXFileReference; lastKnownFileType = sourcecode.c.h; path = SDShortVideoModel.h; sourceTree = "<group>"; };
		EF31732C20DA3D92004BEA6F /* SDShortVideoModel.m */ = {isa = PBXFileReference; lastKnownFileType = sourcecode.c.objc; path = SDShortVideoModel.m; sourceTree = "<group>"; };
		EF31732E20DA5340004BEA6F /* SDVideoModel.h */ = {isa = PBXFileReference; lastKnownFileType = sourcecode.c.h; path = SDVideoModel.h; sourceTree = "<group>"; };
		EF31732F20DA5340004BEA6F /* SDVideoModel.m */ = {isa = PBXFileReference; lastKnownFileType = sourcecode.c.objc; path = SDVideoModel.m; sourceTree = "<group>"; };
		EF3F07D820C930F2001F9DC5 /* SDHomeBtnItem.h */ = {isa = PBXFileReference; lastKnownFileType = sourcecode.c.h; path = SDHomeBtnItem.h; sourceTree = "<group>"; };
		EF3F07D920C930F2001F9DC5 /* SDHomeBtnItem.m */ = {isa = PBXFileReference; lastKnownFileType = sourcecode.c.objc; path = SDHomeBtnItem.m; sourceTree = "<group>"; };
		EF42986C20DCD4C9008174EA /* SDBaseViewController.h */ = {isa = PBXFileReference; fileEncoding = 4; lastKnownFileType = sourcecode.c.h; path = SDBaseViewController.h; sourceTree = "<group>"; };
		EF42986D20DCD4C9008174EA /* BaseViewController.m */ = {isa = PBXFileReference; fileEncoding = 4; lastKnownFileType = sourcecode.c.objc; path = BaseViewController.m; sourceTree = "<group>"; };
		EF42986E20DCD4C9008174EA /* SDBaseHiddenViewController.m */ = {isa = PBXFileReference; fileEncoding = 4; lastKnownFileType = sourcecode.c.objc; path = SDBaseHiddenViewController.m; sourceTree = "<group>"; };
		EF42986F20DCD4C9008174EA /* SDBaseViewController.m */ = {isa = PBXFileReference; fileEncoding = 4; lastKnownFileType = sourcecode.c.objc; path = SDBaseViewController.m; sourceTree = "<group>"; };
		EF42987020DCD4C9008174EA /* SDBaseHiddenViewController.h */ = {isa = PBXFileReference; fileEncoding = 4; lastKnownFileType = sourcecode.c.h; path = SDBaseHiddenViewController.h; sourceTree = "<group>"; };
		EF42987120DCD4C9008174EA /* BaseViewController.h */ = {isa = PBXFileReference; fileEncoding = 4; lastKnownFileType = sourcecode.c.h; path = BaseViewController.h; sourceTree = "<group>"; };
		EF58F1F920AC8A180009DE08 /* SDNearbyCollectionView.h */ = {isa = PBXFileReference; lastKnownFileType = sourcecode.c.h; path = SDNearbyCollectionView.h; sourceTree = "<group>"; };
		EF58F1FA20AC8A180009DE08 /* SDNearbyCollectionView.m */ = {isa = PBXFileReference; lastKnownFileType = sourcecode.c.objc; path = SDNearbyCollectionView.m; sourceTree = "<group>"; };
		EF58F1FC20AC8A2F0009DE08 /* SDNearbyCollectionViewCell.h */ = {isa = PBXFileReference; lastKnownFileType = sourcecode.c.h; path = SDNearbyCollectionViewCell.h; sourceTree = "<group>"; };
		EF58F1FD20AC8A2F0009DE08 /* SDNearbyCollectionViewCell.m */ = {isa = PBXFileReference; lastKnownFileType = sourcecode.c.objc; path = SDNearbyCollectionViewCell.m; sourceTree = "<group>"; };
		EF5999F120E3552B003D0392 /* SDHeadViewConfig.h */ = {isa = PBXFileReference; lastKnownFileType = sourcecode.c.h; path = SDHeadViewConfig.h; sourceTree = "<group>"; };
		EF5999F220E3552B003D0392 /* SDHeadViewConfig.m */ = {isa = PBXFileReference; lastKnownFileType = sourcecode.c.objc; path = SDHeadViewConfig.m; sourceTree = "<group>"; };
		EF5999F420E37738003D0392 /* UIViewController+SDTransitionAnimation.h */ = {isa = PBXFileReference; lastKnownFileType = sourcecode.c.h; path = "UIViewController+SDTransitionAnimation.h"; sourceTree = "<group>"; };
		EF5999F520E37738003D0392 /* UIViewController+SDTransitionAnimation.m */ = {isa = PBXFileReference; lastKnownFileType = sourcecode.c.objc; path = "UIViewController+SDTransitionAnimation.m"; sourceTree = "<group>"; };
		EF5999F720E377DB003D0392 /* UIViewController+SDScrollView.h */ = {isa = PBXFileReference; lastKnownFileType = sourcecode.c.h; path = "UIViewController+SDScrollView.h"; sourceTree = "<group>"; };
		EF5999F820E377DB003D0392 /* UIViewController+SDScrollView.m */ = {isa = PBXFileReference; lastKnownFileType = sourcecode.c.objc; path = "UIViewController+SDScrollView.m"; sourceTree = "<group>"; };
		EF5999FE20E38AF5003D0392 /* UIView+SDView.h */ = {isa = PBXFileReference; lastKnownFileType = sourcecode.c.h; path = "UIView+SDView.h"; sourceTree = "<group>"; };
		EF5999FF20E38AF5003D0392 /* UIView+SDView.m */ = {isa = PBXFileReference; lastKnownFileType = sourcecode.c.objc; path = "UIView+SDView.m"; sourceTree = "<group>"; };
		EF70B5A520F4E34500C14323 /* SDAwemeFeed.json */ = {isa = PBXFileReference; fileEncoding = 4; lastKnownFileType = text.json; path = SDAwemeFeed.json; sourceTree = "<group>"; };
		EF70B5A720F4E76300C14323 /* SDAwemeNearbyFeed.json */ = {isa = PBXFileReference; fileEncoding = 4; lastKnownFileType = text.json; path = SDAwemeNearbyFeed.json; sourceTree = "<group>"; };
		EF70BD7120E28F240090FC3F /* SDBaseLeftSlidingViewController.h */ = {isa = PBXFileReference; lastKnownFileType = sourcecode.c.h; path = SDBaseLeftSlidingViewController.h; sourceTree = "<group>"; };
		EF70BD7220E28F240090FC3F /* SDBaseLeftSlidingViewController.m */ = {isa = PBXFileReference; lastKnownFileType = sourcecode.c.objc; path = SDBaseLeftSlidingViewController.m; sourceTree = "<group>"; };
		EF7370B820E4722E003971D8 /* SDLeftSlidingAnimation.h */ = {isa = PBXFileReference; fileEncoding = 4; lastKnownFileType = sourcecode.c.h; path = SDLeftSlidingAnimation.h; sourceTree = "<group>"; };
		EF7370B920E4722E003971D8 /* SDLeftSlidingAnimation.m */ = {isa = PBXFileReference; fileEncoding = 4; lastKnownFileType = sourcecode.c.objc; path = SDLeftSlidingAnimation.m; sourceTree = "<group>"; };
		EF7370BB20E47269003971D8 /* SDBaseAnimationTransition.h */ = {isa = PBXFileReference; lastKnownFileType = sourcecode.c.h; path = SDBaseAnimationTransition.h; sourceTree = "<group>"; };
		EF7370BC20E47269003971D8 /* SDBaseAnimationTransition.m */ = {isa = PBXFileReference; lastKnownFileType = sourcecode.c.objc; path = SDBaseAnimationTransition.m; sourceTree = "<group>"; };
		EF7370BF20E4C2DC003971D8 /* SDAnimationTool.h */ = {isa = PBXFileReference; lastKnownFileType = sourcecode.c.h; path = SDAnimationTool.h; sourceTree = "<group>"; };
		EF7370C020E4C2DC003971D8 /* SDAnimationTool.m */ = {isa = PBXFileReference; lastKnownFileType = sourcecode.c.objc; path = SDAnimationTool.m; sourceTree = "<group>"; };
		EF77B11620F8985F005BB591 /* SDFocusTool.m */ = {isa = PBXFileReference; fileEncoding = 4; lastKnownFileType = sourcecode.c.objc; path = SDFocusTool.m; sourceTree = "<group>"; };
		EF77B11720F8985F005BB591 /* SDFocusTool.h */ = {isa = PBXFileReference; fileEncoding = 4; lastKnownFileType = sourcecode.c.h; path = SDFocusTool.h; sourceTree = "<group>"; };
		EF77B11920F898AE005BB591 /* SDFollowFeed.json */ = {isa = PBXFileReference; fileEncoding = 4; lastKnownFileType = text.json; path = SDFollowFeed.json; sourceTree = "<group>"; };
		EF77B11B20F89961005BB591 /* SDFollowFeedModel.h */ = {isa = PBXFileReference; lastKnownFileType = sourcecode.c.h; path = SDFollowFeedModel.h; sourceTree = "<group>"; };
		EF77B11C20F89961005BB591 /* SDFollowFeedModel.m */ = {isa = PBXFileReference; lastKnownFileType = sourcecode.c.objc; path = SDFollowFeedModel.m; sourceTree = "<group>"; };
		EF77B11E20F89E55005BB591 /* SDComment.h */ = {isa = PBXFileReference; lastKnownFileType = sourcecode.c.h; path = SDComment.h; sourceTree = "<group>"; };
		EF77B11F20F89E55005BB591 /* SDComment.m */ = {isa = PBXFileReference; lastKnownFileType = sourcecode.c.objc; path = SDComment.m; sourceTree = "<group>"; };
		EF7C654920CE169E009E7915 /* SDPlayerScrollView.h */ = {isa = PBXFileReference; lastKnownFileType = sourcecode.c.h; path = SDPlayerScrollView.h; sourceTree = "<group>"; };
		EF7C654A20CE169E009E7915 /* SDPlayerScrollView.m */ = {isa = PBXFileReference; lastKnownFileType = sourcecode.c.objc; path = SDPlayerScrollView.m; sourceTree = "<group>"; };
		EF94FF5020E8DC4F003532E7 /* SDUserModel.h */ = {isa = PBXFileReference; lastKnownFileType = sourcecode.c.h; path = SDUserModel.h; sourceTree = "<group>"; };
		EF94FF5120E8DC4F003532E7 /* SDUserModel.m */ = {isa = PBXFileReference; lastKnownFileType = sourcecode.c.objc; path = SDUserModel.m; sourceTree = "<group>"; };
		EF94FF5320E8DF2A003532E7 /* SDUserTool.h */ = {isa = PBXFileReference; lastKnownFileType = sourcecode.c.h; path = SDUserTool.h; sourceTree = "<group>"; };
		EF94FF5420E8DF2A003532E7 /* SDUserTool.m */ = {isa = PBXFileReference; lastKnownFileType = sourcecode.c.objc; path = SDUserTool.m; sourceTree = "<group>"; };
		EF94FF5820E8E4A7003532E7 /* user.json */ = {isa = PBXFileReference; fileEncoding = 4; lastKnownFileType = text.json; path = user.json; sourceTree = "<group>"; };
		EF94FF5A20E8E817003532E7 /* SDUserData.json */ = {isa = PBXFileReference; fileEncoding = 4; lastKnownFileType = text.json; path = SDUserData.json; sourceTree = "<group>"; };
		EF94FF5C20E8EB01003532E7 /* SDObject.h */ = {isa = PBXFileReference; lastKnownFileType = sourcecode.c.h; path = SDObject.h; sourceTree = "<group>"; };
		EF94FF5D20E8EB01003532E7 /* SDObject.m */ = {isa = PBXFileReference; lastKnownFileType = sourcecode.c.objc; path = SDObject.m; sourceTree = "<group>"; };
		EFBA6EB02106095C0094E0E5 /* douyin.gif */ = {isa = PBXFileReference; lastKnownFileType = image.gif; path = douyin.gif; sourceTree = "<group>"; };
		EFCC623620B93CE500C8FA7A /* SDMeHeadView.h */ = {isa = PBXFileReference; lastKnownFileType = sourcecode.c.h; path = SDMeHeadView.h; sourceTree = "<group>"; };
		EFCC623720B93CE500C8FA7A /* SDMeHeadView.m */ = {isa = PBXFileReference; lastKnownFileType = sourcecode.c.objc; path = SDMeHeadView.m; sourceTree = "<group>"; };
		EFCC623920B93FA400C8FA7A /* NSString+SDString.h */ = {isa = PBXFileReference; lastKnownFileType = sourcecode.c.h; path = "NSString+SDString.h"; sourceTree = "<group>"; };
		EFCC623A20B93FA400C8FA7A /* NSString+SDString.m */ = {isa = PBXFileReference; lastKnownFileType = sourcecode.c.objc; path = "NSString+SDString.m"; sourceTree = "<group>"; };
		EFCC623C20B940B300C8FA7A /* SDUser.h */ = {isa = PBXFileReference; lastKnownFileType = sourcecode.c.h; path = SDUser.h; sourceTree = "<group>"; };
		EFCC623D20B940B300C8FA7A /* SDUser.m */ = {isa = PBXFileReference; lastKnownFileType = sourcecode.c.objc; path = SDUser.m; sourceTree = "<group>"; };
		EFCC623F20B9412000C8FA7A /* SDMeHeadTopView.h */ = {isa = PBXFileReference; lastKnownFileType = sourcecode.c.h; path = SDMeHeadTopView.h; sourceTree = "<group>"; };
		EFCC624020B9412000C8FA7A /* SDMeHeadTopView.m */ = {isa = PBXFileReference; lastKnownFileType = sourcecode.c.objc; path = SDMeHeadTopView.m; sourceTree = "<group>"; };
		EFCC624220B951F400C8FA7A /* SDMeEditViewController.h */ = {isa = PBXFileReference; lastKnownFileType = sourcecode.c.h; path = SDMeEditViewController.h; sourceTree = "<group>"; };
		EFCC624320B951F400C8FA7A /* SDMeEditViewController.m */ = {isa = PBXFileReference; lastKnownFileType = sourcecode.c.objc; path = SDMeEditViewController.m; sourceTree = "<group>"; };
		EFCC624520B954B300C8FA7A /* SDMeWorksViewController.h */ = {isa = PBXFileReference; lastKnownFileType = sourcecode.c.h; path = SDMeWorksViewController.h; sourceTree = "<group>"; };
		EFCC624620B954B300C8FA7A /* SDMeWorksViewController.m */ = {isa = PBXFileReference; lastKnownFileType = sourcecode.c.objc; path = SDMeWorksViewController.m; sourceTree = "<group>"; };
		EFCC624820B954C900C8FA7A /* SDMeLikeViewController.h */ = {isa = PBXFileReference; lastKnownFileType = sourcecode.c.h; path = SDMeLikeViewController.h; sourceTree = "<group>"; };
		EFCC624920B954C900C8FA7A /* SDMeLikeViewController.m */ = {isa = PBXFileReference; lastKnownFileType = sourcecode.c.objc; path = SDMeLikeViewController.m; sourceTree = "<group>"; };
		EFCC624B20B956F200C8FA7A /* SDMeHeadTitleView.h */ = {isa = PBXFileReference; lastKnownFileType = sourcecode.c.h; path = SDMeHeadTitleView.h; sourceTree = "<group>"; };
		EFCC624C20B956F200C8FA7A /* SDMeHeadTitleView.m */ = {isa = PBXFileReference; lastKnownFileType = sourcecode.c.objc; path = SDMeHeadTitleView.m; sourceTree = "<group>"; };
		EFCC625120B9C42B00C8FA7A /* SDMeCollectionView.h */ = {isa = PBXFileReference; lastKnownFileType = sourcecode.c.h; path = SDMeCollectionView.h; sourceTree = "<group>"; };
		EFCC625220B9C42B00C8FA7A /* SDMeCollectionView.m */ = {isa = PBXFileReference; lastKnownFileType = sourcecode.c.objc; path = SDMeCollectionView.m; sourceTree = "<group>"; };
		EFCC625420B9C43900C8FA7A /* SDMeCollectionViewCell.h */ = {isa = PBXFileReference; lastKnownFileType = sourcecode.c.h; path = SDMeCollectionViewCell.h; sourceTree = "<group>"; };
		EFCC625520B9C43900C8FA7A /* SDMeCollectionViewCell.m */ = {isa = PBXFileReference; lastKnownFileType = sourcecode.c.objc; path = SDMeCollectionViewCell.m; sourceTree = "<group>"; };
		EFCC625720BAF23C00C8FA7A /* SDNotificationConst.h */ = {isa = PBXFileReference; lastKnownFileType = sourcecode.c.h; path = SDNotificationConst.h; sourceTree = "<group>"; };
		EFCC625820BAF23C00C8FA7A /* SDNotificationConst.m */ = {isa = PBXFileReference; lastKnownFileType = sourcecode.c.objc; path = SDNotificationConst.m; sourceTree = "<group>"; };
		EFE64EC520B473A0006C3D86 /* VideoToolbox.framework */ = {isa = PBXFileReference; lastKnownFileType = wrapper.framework; name = VideoToolbox.framework; path = System/Library/Frameworks/VideoToolbox.framework; sourceTree = SDKROOT; };
		EFE64EC620B473B0006C3D86 /* libstdc++.6.tbd */ = {isa = PBXFileReference; lastKnownFileType = "sourcecode.text-based-dylib-definition"; name = "libstdc++.6.tbd"; path = "usr/lib/libstdc++.6.tbd"; sourceTree = SDKROOT; };
		EFE64EC820B473BD006C3D86 /* libbz2.tbd */ = {isa = PBXFileReference; lastKnownFileType = "sourcecode.text-based-dylib-definition"; name = libbz2.tbd; path = usr/lib/libbz2.tbd; sourceTree = SDKROOT; };
		EFE64ECA20B473C7006C3D86 /* libz.tbd */ = {isa = PBXFileReference; lastKnownFileType = "sourcecode.text-based-dylib-definition"; name = libz.tbd; path = usr/lib/libz.tbd; sourceTree = SDKROOT; };
		EFF0590D20F1F7A500792DBF /* SDHomeTool.h */ = {isa = PBXFileReference; lastKnownFileType = sourcecode.c.h; path = SDHomeTool.h; sourceTree = "<group>"; };
		EFF0590E20F1F7A500792DBF /* SDHomeTool.m */ = {isa = PBXFileReference; lastKnownFileType = sourcecode.c.objc; path = SDHomeTool.m; sourceTree = "<group>"; };
		EFF0591020F2063700792DBF /* SDAwemeFeedModel.h */ = {isa = PBXFileReference; lastKnownFileType = sourcecode.c.h; path = SDAwemeFeedModel.h; sourceTree = "<group>"; };
		EFF0591120F2063700792DBF /* SDAwemeFeedModel.m */ = {isa = PBXFileReference; lastKnownFileType = sourcecode.c.objc; path = SDAwemeFeedModel.m; sourceTree = "<group>"; };
		EFF0591320F2150900792DBF /* SDAwemeNearbyFeedModel.h */ = {isa = PBXFileReference; lastKnownFileType = sourcecode.c.h; path = SDAwemeNearbyFeedModel.h; sourceTree = "<group>"; };
		EFF0591420F2150900792DBF /* SDAwemeNearbyFeedModel.m */ = {isa = PBXFileReference; lastKnownFileType = sourcecode.c.objc; path = SDAwemeNearbyFeedModel.m; sourceTree = "<group>"; };
		EFF4A58E20E9DB2100ACDC7F /* SDAwemeList.h */ = {isa = PBXFileReference; lastKnownFileType = sourcecode.c.h; path = SDAwemeList.h; sourceTree = "<group>"; };
		EFF4A58F20E9DB2100ACDC7F /* SDAwemeList.m */ = {isa = PBXFileReference; lastKnownFileType = sourcecode.c.objc; path = SDAwemeList.m; sourceTree = "<group>"; };
		EFF4A59120E9DB3E00ACDC7F /* SDAweme.h */ = {isa = PBXFileReference; lastKnownFileType = sourcecode.c.h; path = SDAweme.h; sourceTree = "<group>"; };
		EFF4A59220E9DB3E00ACDC7F /* SDAweme.m */ = {isa = PBXFileReference; lastKnownFileType = sourcecode.c.objc; path = SDAweme.m; sourceTree = "<group>"; };
		EFF4A59720E9ECE400ACDC7F /* SDAvatarLarger.h */ = {isa = PBXFileReference; lastKnownFileType = sourcecode.c.h; path = SDAvatarLarger.h; sourceTree = "<group>"; };
		EFF4A59820E9ECE400ACDC7F /* SDAvatarLarger.m */ = {isa = PBXFileReference; lastKnownFileType = sourcecode.c.objc; path = SDAvatarLarger.m; sourceTree = "<group>"; };
		EFF4A59A20E9ED9500ACDC7F /* SDVideo.h */ = {isa = PBXFileReference; lastKnownFileType = sourcecode.c.h; path = SDVideo.h; sourceTree = "<group>"; };
		EFF4A59B20E9ED9500ACDC7F /* SDVideo.m */ = {isa = PBXFileReference; lastKnownFileType = sourcecode.c.objc; path = SDVideo.m; sourceTree = "<group>"; };
		EFF4A59D20E9F1FA00ACDC7F /* SDMusic.h */ = {isa = PBXFileReference; lastKnownFileType = sourcecode.c.h; path = SDMusic.h; sourceTree = "<group>"; };
		EFF4A59E20E9F1FA00ACDC7F /* SDMusic.m */ = {isa = PBXFileReference; lastKnownFileType = sourcecode.c.objc; path = SDMusic.m; sourceTree = "<group>"; };
		EFF4A5A020E9FCE500ACDC7F /* SDAweme.json */ = {isa = PBXFileReference; fileEncoding = 4; lastKnownFileType = text.json; path = SDAweme.json; sourceTree = "<group>"; };
/* End PBXFileReference section */

/* Begin PBXFrameworksBuildPhase section */
		EF26CF8620A98F73004573D5 /* Frameworks */ = {
			isa = PBXFrameworksBuildPhase;
			buildActionMask = 2147483647;
			files = (
				EFE64ECC20B473D3006C3D86 /* VideoToolbox.framework in Frameworks */,
				9F3B32AEF97E6EB2EEE44FDF /* libPods-SDDouYin.a in Frameworks */,
				EFE64EC720B473B0006C3D86 /* libstdc++.6.tbd in Frameworks */,
				EFE64EC920B473BD006C3D86 /* libbz2.tbd in Frameworks */,
				EFE64ECB20B473C7006C3D86 /* libz.tbd in Frameworks */,
			);
			runOnlyForDeploymentPostprocessing = 0;
		};
		EF26CF9E20A98F77004573D5 /* Frameworks */ = {
			isa = PBXFrameworksBuildPhase;
			buildActionMask = 2147483647;
			files = (
			);
			runOnlyForDeploymentPostprocessing = 0;
		};
		EF26CFA920A98F78004573D5 /* Frameworks */ = {
			isa = PBXFrameworksBuildPhase;
			buildActionMask = 2147483647;
			files = (
			);
			runOnlyForDeploymentPostprocessing = 0;
		};
/* End PBXFrameworksBuildPhase section */

/* Begin PBXGroup section */
		3E9B042C8E48C49768DFB2A9 /* Frameworks */ = {
			isa = PBXGroup;
			children = (
				EFE64ECA20B473C7006C3D86 /* libz.tbd */,
				EFE64EC820B473BD006C3D86 /* libbz2.tbd */,
				EFE64EC620B473B0006C3D86 /* libstdc++.6.tbd */,
				EFE64EC520B473A0006C3D86 /* VideoToolbox.framework */,
				C739C8C11D26CF8EAAC43F43 /* libPods-SDDouYin.a */,
			);
			name = Frameworks;
			sourceTree = "<group>";
		};
		C3A33648DA8125AD493C4683 /* Pods */ = {
			isa = PBXGroup;
			children = (
				8391531588B2795116B10B7F /* Pods-SDDouYin.debug.xcconfig */,
				A3CDE64C0DC54377064539F6 /* Pods-SDDouYin.release.xcconfig */,
			);
			name = Pods;
			sourceTree = "<group>";
		};
		EF26CF8020A98F73004573D5 = {
			isa = PBXGroup;
			children = (
				EF26CF8B20A98F73004573D5 /* SDDouYin */,
				EF26CFA420A98F77004573D5 /* SDDouYinTests */,
				EF26CFAF20A98F78004573D5 /* SDDouYinUITests */,
				EF26CF8A20A98F73004573D5 /* Products */,
				C3A33648DA8125AD493C4683 /* Pods */,
				3E9B042C8E48C49768DFB2A9 /* Frameworks */,
			);
			sourceTree = "<group>";
		};
		EF26CF8A20A98F73004573D5 /* Products */ = {
			isa = PBXGroup;
			children = (
				EF26CF8920A98F73004573D5 /* SDDouYin.app */,
				EF26CFA120A98F77004573D5 /* SDDouYinTests.xctest */,
				EF26CFAC20A98F78004573D5 /* SDDouYinUITests.xctest */,
			);
			name = Products;
			sourceTree = "<group>";
		};
		EF26CF8B20A98F73004573D5 /* SDDouYin */ = {
			isa = PBXGroup;
			children = (
				EF26CFBE20A99266004573D5 /* Class */,
				EF26CF9220A98F74004573D5 /* Main.storyboard */,
				EF26CF9520A98F75004573D5 /* Assets.xcassets */,
				EF26CF9720A98F75004573D5 /* LaunchScreen.storyboard */,
				EF26CF9A20A98F75004573D5 /* Info.plist */,
				EF26CF9B20A98F75004573D5 /* main.m */,
				EF94FF5A20E8E817003532E7 /* SDUserData.json */,
				EF94FF5820E8E4A7003532E7 /* user.json */,
				EFBA6EB02106095C0094E0E5 /* douyin.gif */,
			);
			path = SDDouYin;
			sourceTree = "<group>";
		};
		EF26CFA420A98F77004573D5 /* SDDouYinTests */ = {
			isa = PBXGroup;
			children = (
				EF26CFA520A98F77004573D5 /* SDDouYinTests.m */,
				EF26CFA720A98F77004573D5 /* Info.plist */,
			);
			path = SDDouYinTests;
			sourceTree = "<group>";
		};
		EF26CFAF20A98F78004573D5 /* SDDouYinUITests */ = {
			isa = PBXGroup;
			children = (
				EF26CFB020A98F78004573D5 /* SDDouYinUITests.m */,
				EF26CFB220A98F78004573D5 /* Info.plist */,
			);
			path = SDDouYinUITests;
			sourceTree = "<group>";
		};
		EF26CFBE20A99266004573D5 /* Class */ = {
			isa = PBXGroup;
			children = (
				EF26D03A20A99651004573D5 /* Controllers */,
				EF26CFFC20A992DF004573D5 /* Base */,
				EF26CFCC20A992DD004573D5 /* Helpers */,
				EF7370BE20E4C299003971D8 /* Utils */,
				EF26CFF420A992DF004573D5 /* Lib */,
				EF26CFCF20A992DD004573D5 /* NetWork */,
				EF26CFC520A992BF004573D5 /* Other */,
			);
			path = Class;
			sourceTree = "<group>";
		};
		EF26CFC520A992BF004573D5 /* Other */ = {
			isa = PBXGroup;
			children = (
				EF26CFC620A992BF004573D5 /* AppDelegate.h */,
				EF26CFC720A992BF004573D5 /* AppDelegate.m */,
				EF26CFC820A992BF004573D5 /* ViewController.h */,
				EF26CFC920A992BF004573D5 /* ViewController.m */,
				EF26D03620A994FF004573D5 /* SDMacros.h */,
				EF26D03520A994DD004573D5 /* SDDouYin.pch */,
				EF26D03720A99510004573D5 /* MJExtensionConfig.h */,
				EF26D03820A99510004573D5 /* MJExtensionConfig.m */,
				EFCC625720BAF23C00C8FA7A /* SDNotificationConst.h */,
				EFCC625820BAF23C00C8FA7A /* SDNotificationConst.m */,
			);
			path = Other;
			sourceTree = "<group>";
		};
		EF26CFCC20A992DD004573D5 /* Helpers */ = {
			isa = PBXGroup;
			children = (
				EF26CFCD20A992DD004573D5 /* SDHelper.h */,
				EF26CFCE20A992DD004573D5 /* SDHelper.m */,
			);
			path = Helpers;
			sourceTree = "<group>";
		};
		EF26CFCF20A992DD004573D5 /* NetWork */ = {
			isa = PBXGroup;
			children = (
				EF26CFD020A992DD004573D5 /* APIConfig.h */,
				EF26CFD120A992DD004573D5 /* SDHttpTool.h */,
				EF26CFD220A992DD004573D5 /* SDHttpTool.m */,
			);
			path = NetWork;
			sourceTree = "<group>";
		};
		EF26CFF420A992DF004573D5 /* Lib */ = {
			isa = PBXGroup;
			children = (
				EF26CFF520A992DF004573D5 /* Extension */,
				EF26CFFA20A992DF004573D5 /* Framework */,
			);
			path = Lib;
			sourceTree = "<group>";
		};
		EF26CFF520A992DF004573D5 /* Extension */ = {
			isa = PBXGroup;
			children = (
				EF26CFF620A992DF004573D5 /* UIBarButtonItem+Extension.h */,
				EF26CFF720A992DF004573D5 /* UIBarButtonItem+Extension.m */,
				EF5999F420E37738003D0392 /* UIViewController+SDTransitionAnimation.h */,
				EF5999F520E37738003D0392 /* UIViewController+SDTransitionAnimation.m */,
				EF5999F720E377DB003D0392 /* UIViewController+SDScrollView.h */,
				EF5999F820E377DB003D0392 /* UIViewController+SDScrollView.m */,
				EF26CFF820A992DF004573D5 /* UIImage+SDImage.h */,
				EF26CFF920A992DF004573D5 /* UIImage+SDImage.m */,
				EF5999FE20E38AF5003D0392 /* UIView+SDView.h */,
				EF5999FF20E38AF5003D0392 /* UIView+SDView.m */,
				EFCC623920B93FA400C8FA7A /* NSString+SDString.h */,
				EFCC623A20B93FA400C8FA7A /* NSString+SDString.m */,
			);
			path = Extension;
			sourceTree = "<group>";
		};
		EF26CFFA20A992DF004573D5 /* Framework */ = {
			isa = PBXGroup;
			children = (
			);
			path = Framework;
			sourceTree = "<group>";
		};
		EF26CFFC20A992DF004573D5 /* Base */ = {
			isa = PBXGroup;
			children = (
				EF7370B720E4722E003971D8 /* SDBaseAnimationTransition */,
				EF31731620DA3C86004BEA6F /* SDBaseHandler */,
				EF31730420DA3C86004BEA6F /* SDBaseModel */,
				EF31731920DA3C86004BEA6F /* SDBaseNavBar */,
				EF31731120DA3C86004BEA6F /* SDBaseTabBar */,
				EF31730520DA3C86004BEA6F /* SDBaseTableView */,
				EF31730A20DA3C86004BEA6F /* SDBaseViewController */,
			);
			path = Base;
			sourceTree = "<group>";
		};
		EF26D03A20A99651004573D5 /* Controllers */ = {
			isa = PBXGroup;
			children = (
				EF26D06720A99766004573D5 /* Login */,
				EF26D05320A99739004573D5 /* Add */,
				EF26D05D20A99739004573D5 /* Focus */,
				EF26D06220A99739004573D5 /* Home */,
				EF26D05820A99739004573D5 /* News */,
				EF26D04220A99651004573D5 /* Me */,
			);
			path = Controllers;
			sourceTree = "<group>";
		};
		EF26D04220A99651004573D5 /* Me */ = {
			isa = PBXGroup;
			children = (
				EF26D04320A99651004573D5 /* Controller */,
				EF26D04620A99651004573D5 /* Model */,
				EF26D04720A99651004573D5 /* Tool */,
				EF26D04820A99651004573D5 /* View */,
			);
			path = Me;
			sourceTree = "<group>";
		};
		EF26D04320A99651004573D5 /* Controller */ = {
			isa = PBXGroup;
			children = (
				EF26D04420A99651004573D5 /* SDMeViewController.h */,
				EF26D04520A99651004573D5 /* SDMeViewController.m */,
				EFCC624220B951F400C8FA7A /* SDMeEditViewController.h */,
				EFCC624320B951F400C8FA7A /* SDMeEditViewController.m */,
				EFCC624520B954B300C8FA7A /* SDMeWorksViewController.h */,
				EFCC624620B954B300C8FA7A /* SDMeWorksViewController.m */,
				EFCC624820B954C900C8FA7A /* SDMeLikeViewController.h */,
				EFCC624920B954C900C8FA7A /* SDMeLikeViewController.m */,
				EF041C9820DCE5960041794B /* SDMeStoryViewController.h */,
				EF041C9920DCE5960041794B /* SDMeStoryViewController.m */,
			);
			path = Controller;
			sourceTree = "<group>";
		};
		EF26D04620A99651004573D5 /* Model */ = {
			isa = PBXGroup;
			children = (
				EFF4A5A020E9FCE500ACDC7F /* SDAweme.json */,
				EFCC623C20B940B300C8FA7A /* SDUser.h */,
				EFCC623D20B940B300C8FA7A /* SDUser.m */,
				EF94FF5020E8DC4F003532E7 /* SDUserModel.h */,
				EF94FF5120E8DC4F003532E7 /* SDUserModel.m */,
				EFF4A58E20E9DB2100ACDC7F /* SDAwemeList.h */,
				EFF4A58F20E9DB2100ACDC7F /* SDAwemeList.m */,
				EFF4A59120E9DB3E00ACDC7F /* SDAweme.h */,
				EFF4A59220E9DB3E00ACDC7F /* SDAweme.m */,
				EF5999F120E3552B003D0392 /* SDHeadViewConfig.h */,
				EF5999F220E3552B003D0392 /* SDHeadViewConfig.m */,
			);
			path = Model;
			sourceTree = "<group>";
		};
		EF26D04720A99651004573D5 /* Tool */ = {
			isa = PBXGroup;
			children = (
				EF94FF5320E8DF2A003532E7 /* SDUserTool.h */,
				EF94FF5420E8DF2A003532E7 /* SDUserTool.m */,
			);
			path = Tool;
			sourceTree = "<group>";
		};
		EF26D04820A99651004573D5 /* View */ = {
			isa = PBXGroup;
			children = (
				EFCC623620B93CE500C8FA7A /* SDMeHeadView.h */,
				EFCC623720B93CE500C8FA7A /* SDMeHeadView.m */,
				EFCC623F20B9412000C8FA7A /* SDMeHeadTopView.h */,
				EFCC624020B9412000C8FA7A /* SDMeHeadTopView.m */,
				EFCC624B20B956F200C8FA7A /* SDMeHeadTitleView.h */,
				EFCC624C20B956F200C8FA7A /* SDMeHeadTitleView.m */,
				EFCC625120B9C42B00C8FA7A /* SDMeCollectionView.h */,
				EFCC625220B9C42B00C8FA7A /* SDMeCollectionView.m */,
				EFCC625420B9C43900C8FA7A /* SDMeCollectionViewCell.h */,
				EFCC625520B9C43900C8FA7A /* SDMeCollectionViewCell.m */,
			);
			path = View;
			sourceTree = "<group>";
		};
		EF26D05320A99739004573D5 /* Add */ = {
			isa = PBXGroup;
			children = (
				EF26D05420A99739004573D5 /* Controller */,
				EF26D05520A99739004573D5 /* Model */,
				EF26D05620A99739004573D5 /* Tool */,
				EF26D05720A99739004573D5 /* View */,
			);
			path = Add;
			sourceTree = "<group>";
		};
		EF26D05420A99739004573D5 /* Controller */ = {
			isa = PBXGroup;
			children = (
				EF26D06F20AA7031004573D5 /* SDAddViewController.h */,
				EF26D07020AA7031004573D5 /* SDAddViewController.m */,
			);
			path = Controller;
			sourceTree = "<group>";
		};
		EF26D05520A99739004573D5 /* Model */ = {
			isa = PBXGroup;
			children = (
			);
			path = Model;
			sourceTree = "<group>";
		};
		EF26D05620A99739004573D5 /* Tool */ = {
			isa = PBXGroup;
			children = (
			);
			path = Tool;
			sourceTree = "<group>";
		};
		EF26D05720A99739004573D5 /* View */ = {
			isa = PBXGroup;
			children = (
			);
			path = View;
			sourceTree = "<group>";
		};
		EF26D05820A99739004573D5 /* News */ = {
			isa = PBXGroup;
			children = (
				EF26D05920A99739004573D5 /* Controller */,
				EF26D05A20A99739004573D5 /* Model */,
				EF26D05B20A99739004573D5 /* Tool */,
				EF26D05C20A99739004573D5 /* View */,
			);
			path = News;
			sourceTree = "<group>";
		};
		EF26D05920A99739004573D5 /* Controller */ = {
			isa = PBXGroup;
			children = (
				EF26D07820AA7057004573D5 /* SDNewsViewController.h */,
				EF26D07920AA7057004573D5 /* SDNewsViewController.m */,
			);
			path = Controller;
			sourceTree = "<group>";
		};
		EF26D05A20A99739004573D5 /* Model */ = {
			isa = PBXGroup;
			children = (
			);
			path = Model;
			sourceTree = "<group>";
		};
		EF26D05B20A99739004573D5 /* Tool */ = {
			isa = PBXGroup;
			children = (
			);
			path = Tool;
			sourceTree = "<group>";
		};
		EF26D05C20A99739004573D5 /* View */ = {
			isa = PBXGroup;
			children = (
				EF2106A020ADD93A0061B38B /* SDNewsTableView.h */,
				EF2106A120ADD93A0061B38B /* SDNewsTableView.m */,
				EF2106A320ADD95A0061B38B /* SDNewsTableViewCell.h */,
				EF2106A420ADD95A0061B38B /* SDNewsTableViewCell.m */,
				EF2106A620ADD9740061B38B /* SDNewsHeadView.h */,
				EF2106A720ADD9740061B38B /* SDNewsHeadView.m */,
			);
			path = View;
			sourceTree = "<group>";
		};
		EF26D05D20A99739004573D5 /* Focus */ = {
			isa = PBXGroup;
			children = (
				EF26D05E20A99739004573D5 /* Controller */,
				EF26D05F20A99739004573D5 /* Model */,
				EF26D06020A99739004573D5 /* Tool */,
				EF26D06120A99739004573D5 /* View */,
			);
			path = Focus;
			sourceTree = "<group>";
		};
		EF26D05E20A99739004573D5 /* Controller */ = {
			isa = PBXGroup;
			children = (
				EF26D07220AA7040004573D5 /* SDFocusViewController.h */,
				EF26D07320AA7040004573D5 /* SDFocusViewController.m */,
			);
			path = Controller;
			sourceTree = "<group>";
		};
		EF26D05F20A99739004573D5 /* Model */ = {
			isa = PBXGroup;
			children = (
				EF77B11B20F89961005BB591 /* SDFollowFeedModel.h */,
				EF77B11C20F89961005BB591 /* SDFollowFeedModel.m */,
			);
			path = Model;
			sourceTree = "<group>";
		};
		EF26D06020A99739004573D5 /* Tool */ = {
			isa = PBXGroup;
			children = (
				EF77B11920F898AE005BB591 /* SDFollowFeed.json */,
				EF77B11720F8985F005BB591 /* SDFocusTool.h */,
				EF77B11620F8985F005BB591 /* SDFocusTool.m */,
			);
			path = Tool;
			sourceTree = "<group>";
		};
		EF26D06120A99739004573D5 /* View */ = {
			isa = PBXGroup;
			children = (
				EF21069720ADD1540061B38B /* SDFocusCollectionView.h */,
				EF21069820ADD1540061B38B /* SDFocusCollectionView.m */,
				EF21069A20ADD1650061B38B /* SDFocusCollectionViewCell.h */,
				EF21069B20ADD1650061B38B /* SDFocusCollectionViewCell.m */,
			);
			path = View;
			sourceTree = "<group>";
		};
		EF26D06220A99739004573D5 /* Home */ = {
			isa = PBXGroup;
			children = (
				EF26D06320A99739004573D5 /* Controller */,
				EF26D06420A99739004573D5 /* Model */,
				EF26D06520A99739004573D5 /* Tool */,
				EF26D06620A99739004573D5 /* View */,
			);
			path = Home;
			sourceTree = "<group>";
		};
		EF26D06320A99739004573D5 /* Controller */ = {
			isa = PBXGroup;
			children = (
				EF26D07520AA704B004573D5 /* SDHomeViewController.h */,
				EF26D07620AA704B004573D5 /* SDHomeViewController.m */,
				EF26D07B20AA8BB4004573D5 /* SDRecommendViewController.h */,
				EF26D07C20AA8BB4004573D5 /* SDRecommendViewController.m */,
				EF26D07E20AA8BE9004573D5 /* SDNearbyViewController.h */,
				EF26D07F20AA8BE9004573D5 /* SDNearbyViewController.m */,
				EF21069D20ADD7620061B38B /* SDNearbyListViewController.h */,
				EF21069E20ADD7620061B38B /* SDNearbyListViewController.m */,
				EF041C9520DCD5480041794B /* SDVideoDetailViewController.h */,
				EF041C9620DCD5480041794B /* SDVideoDetailViewController.m */,
				EF15CCFE20DFA662001FD70F /* SDSearchViewController.h */,
				EF15CCFF20DFA662001FD70F /* SDSearchViewController.m */,
			);
			path = Controller;
			sourceTree = "<group>";
		};
		EF26D06420A99739004573D5 /* Model */ = {
			isa = PBXGroup;
			children = (
				EFF0591020F2063700792DBF /* SDAwemeFeedModel.h */,
				EFF0591120F2063700792DBF /* SDAwemeFeedModel.m */,
				EFF0591320F2150900792DBF /* SDAwemeNearbyFeedModel.h */,
				EFF0591420F2150900792DBF /* SDAwemeNearbyFeedModel.m */,
				EF31732B20DA3D92004BEA6F /* SDShortVideoModel.h */,
				EF31732C20DA3D92004BEA6F /* SDShortVideoModel.m */,
				EF31732E20DA5340004BEA6F /* SDVideoModel.h */,
				EF31732F20DA5340004BEA6F /* SDVideoModel.m */,
				EFF4A59720E9ECE400ACDC7F /* SDAvatarLarger.h */,
				EFF4A59820E9ECE400ACDC7F /* SDAvatarLarger.m */,
				EFF4A59A20E9ED9500ACDC7F /* SDVideo.h */,
				EFF4A59B20E9ED9500ACDC7F /* SDVideo.m */,
				EFF4A59D20E9F1FA00ACDC7F /* SDMusic.h */,
				EFF4A59E20E9F1FA00ACDC7F /* SDMusic.m */,
				EF77B11E20F89E55005BB591 /* SDComment.h */,
				EF77B11F20F89E55005BB591 /* SDComment.m */,
			);
			path = Model;
			sourceTree = "<group>";
		};
		EF26D06520A99739004573D5 /* Tool */ = {
			isa = PBXGroup;
			children = (
				EF70B5A720F4E76300C14323 /* SDAwemeNearbyFeed.json */,
				EF70B5A520F4E34500C14323 /* SDAwemeFeed.json */,
				EFF0590D20F1F7A500792DBF /* SDHomeTool.h */,
				EFF0590E20F1F7A500792DBF /* SDHomeTool.m */,
			);
			path = Tool;
			sourceTree = "<group>";
		};
		EF26D06620A99739004573D5 /* View */ = {
			isa = PBXGroup;
			children = (
				EF26D08220AA8C7C004573D5 /* SDShowTopView.h */,
				EF26D08120AA8C7C004573D5 /* SDShowTopView.m */,
				EF58F1F920AC8A180009DE08 /* SDNearbyCollectionView.h */,
				EF58F1FA20AC8A180009DE08 /* SDNearbyCollectionView.m */,
				EF58F1FC20AC8A2F0009DE08 /* SDNearbyCollectionViewCell.h */,
				EF58F1FD20AC8A2F0009DE08 /* SDNearbyCollectionViewCell.m */,
				EF3F07D820C930F2001F9DC5 /* SDHomeBtnItem.h */,
				EF3F07D920C930F2001F9DC5 /* SDHomeBtnItem.m */,
				EF1EC7FD20C99060006C0BE5 /* SDHomeBtnView.h */,
				EF1EC7FE20C99060006C0BE5 /* SDHomeBtnView.m */,
				EF7C654920CE169E009E7915 /* SDPlayerScrollView.h */,
				EF7C654A20CE169E009E7915 /* SDPlayerScrollView.m */,
			);
			path = View;
			sourceTree = "<group>";
		};
		EF26D06720A99766004573D5 /* Login */ = {
			isa = PBXGroup;
			children = (
				EF26D06820A99766004573D5 /* Controller */,
				EF26D06920A99766004573D5 /* Model */,
				EF26D06A20A99766004573D5 /* Tool */,
				EF26D06B20A99766004573D5 /* View */,
			);
			path = Login;
			sourceTree = "<group>";
		};
		EF26D06820A99766004573D5 /* Controller */ = {
			isa = PBXGroup;
			children = (
				EF26D06C20AA7024004573D5 /* SDLoginViewController.h */,
				EF26D06D20AA7024004573D5 /* SDLoginViewController.m */,
			);
			path = Controller;
			sourceTree = "<group>";
		};
		EF26D06920A99766004573D5 /* Model */ = {
			isa = PBXGroup;
			children = (
			);
			path = Model;
			sourceTree = "<group>";
		};
		EF26D06A20A99766004573D5 /* Tool */ = {
			isa = PBXGroup;
			children = (
			);
			path = Tool;
			sourceTree = "<group>";
		};
		EF26D06B20A99766004573D5 /* View */ = {
			isa = PBXGroup;
			children = (
			);
			path = View;
			sourceTree = "<group>";
		};
		EF31730420DA3C86004BEA6F /* SDBaseModel */ = {
			isa = PBXGroup;
			children = (
				EF31732820DA3CC0004BEA6F /* SDBaseModel.h */,
				EF31732920DA3CC0004BEA6F /* SDBaseModel.m */,
				EF94FF5C20E8EB01003532E7 /* SDObject.h */,
				EF94FF5D20E8EB01003532E7 /* SDObject.m */,
			);
			path = SDBaseModel;
			sourceTree = "<group>";
		};
		EF31730520DA3C86004BEA6F /* SDBaseTableView */ = {
			isa = PBXGroup;
			children = (
				EF31730620DA3C86004BEA6F /* SDBaseTableView.h */,
				EF31730720DA3C86004BEA6F /* SDBaseTableView.m */,
				EF31730820DA3C86004BEA6F /* SDBaseTableViewCell.h */,
				EF31730920DA3C86004BEA6F /* SDBaseTableViewCell.m */,
			);
			path = SDBaseTableView;
			sourceTree = "<group>";
		};
		EF31730A20DA3C86004BEA6F /* SDBaseViewController */ = {
			isa = PBXGroup;
			children = (
				EF42987120DCD4C9008174EA /* BaseViewController.h */,
				EF42986D20DCD4C9008174EA /* BaseViewController.m */,
				EF42987020DCD4C9008174EA /* SDBaseHiddenViewController.h */,
				EF42986E20DCD4C9008174EA /* SDBaseHiddenViewController.m */,
				EF42986C20DCD4C9008174EA /* SDBaseViewController.h */,
				EF42986F20DCD4C9008174EA /* SDBaseViewController.m */,
				EF70BD7120E28F240090FC3F /* SDBaseLeftSlidingViewController.h */,
				EF70BD7220E28F240090FC3F /* SDBaseLeftSlidingViewController.m */,
			);
			path = SDBaseViewController;
			sourceTree = "<group>";
		};
		EF31731120DA3C86004BEA6F /* SDBaseTabBar */ = {
			isa = PBXGroup;
			children = (
				EF31731220DA3C86004BEA6F /* SDTabBar.h */,
				EF31731320DA3C86004BEA6F /* SDTabBar.m */,
				EF31731420DA3C86004BEA6F /* SDTabBarViewController.h */,
				EF31731520DA3C86004BEA6F /* SDTabBarViewController.m */,
			);
			path = SDBaseTabBar;
			sourceTree = "<group>";
		};
		EF31731620DA3C86004BEA6F /* SDBaseHandler */ = {
			isa = PBXGroup;
			children = (
				EF31731720DA3C86004BEA6F /* SDBaseHandler.h */,
				EF31731820DA3C86004BEA6F /* SDBaseHandler.m */,
			);
			path = SDBaseHandler;
			sourceTree = "<group>";
		};
		EF31731920DA3C86004BEA6F /* SDBaseNavBar */ = {
			isa = PBXGroup;
			children = (
				EF31731A20DA3C86004BEA6F /* SDBaseNavigationController.h */,
				EF31731B20DA3C86004BEA6F /* SDBaseNavigationController.m */,
				EF31731C20DA3C86004BEA6F /* SDBaseNavigationView.h */,
				EF31731D20DA3C86004BEA6F /* SDBaseNavigationView.m */,
			);
			path = SDBaseNavBar;
			sourceTree = "<group>";
		};
		EF7370B720E4722E003971D8 /* SDBaseAnimationTransition */ = {
			isa = PBXGroup;
			children = (
				EF7370BB20E47269003971D8 /* SDBaseAnimationTransition.h */,
				EF7370BC20E47269003971D8 /* SDBaseAnimationTransition.m */,
				EF7370B820E4722E003971D8 /* SDLeftSlidingAnimation.h */,
				EF7370B920E4722E003971D8 /* SDLeftSlidingAnimation.m */,
			);
			path = SDBaseAnimationTransition;
			sourceTree = "<group>";
		};
		EF7370BE20E4C299003971D8 /* Utils */ = {
			isa = PBXGroup;
			children = (
				EF7370BF20E4C2DC003971D8 /* SDAnimationTool.h */,
				EF7370C020E4C2DC003971D8 /* SDAnimationTool.m */,
			);
			path = Utils;
			sourceTree = "<group>";
		};
/* End PBXGroup section */

/* Begin PBXNativeTarget section */
		EF26CF8820A98F73004573D5 /* SDDouYin */ = {
			isa = PBXNativeTarget;
			buildConfigurationList = EF26CFB520A98F78004573D5 /* Build configuration list for PBXNativeTarget "SDDouYin" */;
			buildPhases = (
				225C7B6C7B28772E64274039 /* [CP] Check Pods Manifest.lock */,
				EF26CF8520A98F73004573D5 /* Sources */,
				EF26CF8620A98F73004573D5 /* Frameworks */,
				EF26CF8720A98F73004573D5 /* Resources */,
				E2CDEAC419AB866E84C65E27 /* [CP] Copy Pods Resources */,
			);
			buildRules = (
			);
			dependencies = (
			);
			name = SDDouYin;
			productName = SDDouYin;
			productReference = EF26CF8920A98F73004573D5 /* SDDouYin.app */;
			productType = "com.apple.product-type.application";
		};
		EF26CFA020A98F77004573D5 /* SDDouYinTests */ = {
			isa = PBXNativeTarget;
			buildConfigurationList = EF26CFB820A98F78004573D5 /* Build configuration list for PBXNativeTarget "SDDouYinTests" */;
			buildPhases = (
				EF26CF9D20A98F77004573D5 /* Sources */,
				EF26CF9E20A98F77004573D5 /* Frameworks */,
				EF26CF9F20A98F77004573D5 /* Resources */,
			);
			buildRules = (
			);
			dependencies = (
				EF26CFA320A98F77004573D5 /* PBXTargetDependency */,
			);
			name = SDDouYinTests;
			productName = SDDouYinTests;
			productReference = EF26CFA120A98F77004573D5 /* SDDouYinTests.xctest */;
			productType = "com.apple.product-type.bundle.unit-test";
		};
		EF26CFAB20A98F78004573D5 /* SDDouYinUITests */ = {
			isa = PBXNativeTarget;
			buildConfigurationList = EF26CFBB20A98F78004573D5 /* Build configuration list for PBXNativeTarget "SDDouYinUITests" */;
			buildPhases = (
				EF26CFA820A98F78004573D5 /* Sources */,
				EF26CFA920A98F78004573D5 /* Frameworks */,
				EF26CFAA20A98F78004573D5 /* Resources */,
			);
			buildRules = (
			);
			dependencies = (
				EF26CFAE20A98F78004573D5 /* PBXTargetDependency */,
			);
			name = SDDouYinUITests;
			productName = SDDouYinUITests;
			productReference = EF26CFAC20A98F78004573D5 /* SDDouYinUITests.xctest */;
			productType = "com.apple.product-type.bundle.ui-testing";
		};
/* End PBXNativeTarget section */

/* Begin PBXProject section */
		EF26CF8120A98F73004573D5 /* Project object */ = {
			isa = PBXProject;
			attributes = {
				LastUpgradeCheck = 0910;
				ORGANIZATIONNAME = slowdony;
				TargetAttributes = {
					EF26CF8820A98F73004573D5 = {
						CreatedOnToolsVersion = 9.1;
						ProvisioningStyle = Automatic;
					};
					EF26CFA020A98F77004573D5 = {
						CreatedOnToolsVersion = 9.1;
						ProvisioningStyle = Automatic;
						TestTargetID = EF26CF8820A98F73004573D5;
					};
					EF26CFAB20A98F78004573D5 = {
						CreatedOnToolsVersion = 9.1;
						ProvisioningStyle = Automatic;
						TestTargetID = EF26CF8820A98F73004573D5;
					};
				};
			};
			buildConfigurationList = EF26CF8420A98F73004573D5 /* Build configuration list for PBXProject "SDDouYin" */;
			compatibilityVersion = "Xcode 8.0";
			developmentRegion = en;
			hasScannedForEncodings = 0;
			knownRegions = (
				en,
				Base,
			);
			mainGroup = EF26CF8020A98F73004573D5;
			productRefGroup = EF26CF8A20A98F73004573D5 /* Products */;
			projectDirPath = "";
			projectRoot = "";
			targets = (
				EF26CF8820A98F73004573D5 /* SDDouYin */,
				EF26CFA020A98F77004573D5 /* SDDouYinTests */,
				EF26CFAB20A98F78004573D5 /* SDDouYinUITests */,
			);
		};
/* End PBXProject section */

/* Begin PBXResourcesBuildPhase section */
		EF26CF8720A98F73004573D5 /* Resources */ = {
			isa = PBXResourcesBuildPhase;
			buildActionMask = 2147483647;
			files = (
				EF94FF5B20E8E817003532E7 /* SDUserData.json in Resources */,
				EF70B5A820F4E76300C14323 /* SDAwemeNearbyFeed.json in Resources */,
				EF70B5A620F4E34500C14323 /* SDAwemeFeed.json in Resources */,
				EF94FF5920E8E4A7003532E7 /* user.json in Resources */,
				EFBA6EB12106095C0094E0E5 /* douyin.gif in Resources */,
				EFF4A5A120E9FCE500ACDC7F /* SDAweme.json in Resources */,
				EF26CF9920A98F75004573D5 /* LaunchScreen.storyboard in Resources */,
				EF26CF9620A98F75004573D5 /* Assets.xcassets in Resources */,
				EF26CF9420A98F74004573D5 /* Main.storyboard in Resources */,
				EF77B11A20F898AE005BB591 /* SDFollowFeed.json in Resources */,
			);
			runOnlyForDeploymentPostprocessing = 0;
		};
		EF26CF9F20A98F77004573D5 /* Resources */ = {
			isa = PBXResourcesBuildPhase;
			buildActionMask = 2147483647;
			files = (
			);
			runOnlyForDeploymentPostprocessing = 0;
		};
		EF26CFAA20A98F78004573D5 /* Resources */ = {
			isa = PBXResourcesBuildPhase;
			buildActionMask = 2147483647;
			files = (
			);
			runOnlyForDeploymentPostprocessing = 0;
		};
/* End PBXResourcesBuildPhase section */

/* Begin PBXShellScriptBuildPhase section */
		225C7B6C7B28772E64274039 /* [CP] Check Pods Manifest.lock */ = {
			isa = PBXShellScriptBuildPhase;
			buildActionMask = 2147483647;
			files = (
			);
			inputPaths = (
				"${PODS_PODFILE_DIR_PATH}/Podfile.lock",
				"${PODS_ROOT}/Manifest.lock",
			);
			name = "[CP] Check Pods Manifest.lock";
			outputPaths = (
				"$(DERIVED_FILE_DIR)/Pods-SDDouYin-checkManifestLockResult.txt",
			);
			runOnlyForDeploymentPostprocessing = 0;
			shellPath = /bin/sh;
			shellScript = "diff \"${PODS_PODFILE_DIR_PATH}/Podfile.lock\" \"${PODS_ROOT}/Manifest.lock\" > /dev/null\nif [ $? != 0 ] ; then\n    # print error to STDERR\n    echo \"error: The sandbox is not in sync with the Podfile.lock. Run 'pod install' or update your CocoaPods installation.\" >&2\n    exit 1\nfi\n# This output is used by Xcode 'outputs' to avoid re-running this script phase.\necho \"SUCCESS\" > \"${SCRIPT_OUTPUT_FILE_0}\"\n";
			showEnvVarsInLog = 0;
		};
		E2CDEAC419AB866E84C65E27 /* [CP] Copy Pods Resources */ = {
			isa = PBXShellScriptBuildPhase;
			buildActionMask = 2147483647;
			files = (
			);
			inputPaths = (
				"${SRCROOT}/Pods/Target Support Files/Pods-SDDouYin/Pods-SDDouYin-resources.sh",
				"${PODS_ROOT}/MJRefresh/MJRefresh/MJRefresh.bundle",
			);
			name = "[CP] Copy Pods Resources";
			outputPaths = (
				"${TARGET_BUILD_DIR}/${UNLOCALIZED_RESOURCES_FOLDER_PATH}/MJRefresh.bundle",
			);
			runOnlyForDeploymentPostprocessing = 0;
			shellPath = /bin/sh;
			shellScript = "\"${SRCROOT}/Pods/Target Support Files/Pods-SDDouYin/Pods-SDDouYin-resources.sh\"\n";
			showEnvVarsInLog = 0;
		};
/* End PBXShellScriptBuildPhase section */

/* Begin PBXSourcesBuildPhase section */
		EF26CF8520A98F73004573D5 /* Sources */ = {
			isa = PBXSourcesBuildPhase;
			buildActionMask = 2147483647;
			files = (
				EFF4A59020E9DB2100ACDC7F /* SDAwemeList.m in Sources */,
				EF26D08320AA8C7C004573D5 /* SDShowTopView.m in Sources */,
				EF7370C120E4C2DC003971D8 /* SDAnimationTool.m in Sources */,
				EF26D05120A99652004573D5 /* SDMeViewController.m in Sources */,
				EF2106A220ADD93A0061B38B /* SDNewsTableView.m in Sources */,
				EF26D02A20A992E0004573D5 /* UIImage+SDImage.m in Sources */,
				EF77B11820F8985F005BB591 /* SDFocusTool.m in Sources */,
				EF21069F20ADD7620061B38B /* SDNearbyListViewController.m in Sources */,
				EFCC625920BAF23C00C8FA7A /* SDNotificationConst.m in Sources */,
				EF5999F620E37738003D0392 /* UIViewController+SDTransitionAnimation.m in Sources */,
				EF7C654B20CE169E009E7915 /* SDPlayerScrollView.m in Sources */,
				EF26D08020AA8BE9004573D5 /* SDNearbyViewController.m in Sources */,
				EFCC623E20B940B300C8FA7A /* SDUser.m in Sources */,
				EF42987420DCD4C9008174EA /* SDBaseViewController.m in Sources */,
				EFCC624120B9412000C8FA7A /* SDMeHeadTopView.m in Sources */,
				EF31733020DA5340004BEA6F /* SDVideoModel.m in Sources */,
				EF26D02920A992E0004573D5 /* UIBarButtonItem+Extension.m in Sources */,
				EF94FF5220E8DC4F003532E7 /* SDUserModel.m in Sources */,
				EF5999F320E3552B003D0392 /* SDHeadViewConfig.m in Sources */,
				EF31732A20DA3CC0004BEA6F /* SDBaseModel.m in Sources */,
				EFF0591520F2150900792DBF /* SDAwemeNearbyFeedModel.m in Sources */,
				EF2106A520ADD95A0061B38B /* SDNewsTableViewCell.m in Sources */,
				EF70BD7320E28F240090FC3F /* SDBaseLeftSlidingViewController.m in Sources */,
				EF21069920ADD1540061B38B /* SDFocusCollectionView.m in Sources */,
				EF26D07420AA7040004573D5 /* SDFocusViewController.m in Sources */,
				EF26D07A20AA7057004573D5 /* SDNewsViewController.m in Sources */,
				EFCC623820B93CE500C8FA7A /* SDMeHeadView.m in Sources */,
				EF26D01A20A992E0004573D5 /* SDHttpTool.m in Sources */,
				EF31732D20DA3D92004BEA6F /* SDShortVideoModel.m in Sources */,
				EF77B12020F89E55005BB591 /* SDComment.m in Sources */,
				EF58F1FE20AC8A2F0009DE08 /* SDNearbyCollectionViewCell.m in Sources */,
				EFCC624720B954B300C8FA7A /* SDMeWorksViewController.m in Sources */,
				EF26D07D20AA8BB4004573D5 /* SDRecommendViewController.m in Sources */,
				EF31732620DA3C87004BEA6F /* SDBaseNavigationController.m in Sources */,
				EF31731F20DA3C87004BEA6F /* SDBaseTableViewCell.m in Sources */,
				EF15CD0020DFA662001FD70F /* SDSearchViewController.m in Sources */,
				EFCC624D20B956F200C8FA7A /* SDMeHeadTitleView.m in Sources */,
				EF7370BA20E4722E003971D8 /* SDLeftSlidingAnimation.m in Sources */,
				EF94FF5520E8DF2A003532E7 /* SDUserTool.m in Sources */,
				EF599A0020E38AF5003D0392 /* UIView+SDView.m in Sources */,
				EFF0590F20F1F7A500792DBF /* SDHomeTool.m in Sources */,
				EF21069C20ADD1650061B38B /* SDFocusCollectionViewCell.m in Sources */,
				EF041C9A20DCE5960041794B /* SDMeStoryViewController.m in Sources */,
				EF42987320DCD4C9008174EA /* SDBaseHiddenViewController.m in Sources */,
				EF26D01920A992E0004573D5 /* SDHelper.m in Sources */,
				EF31732720DA3C87004BEA6F /* SDBaseNavigationView.m in Sources */,
				EF42987220DCD4C9008174EA /* BaseViewController.m in Sources */,
				EFCC624420B951F400C8FA7A /* SDMeEditViewController.m in Sources */,
				EFF4A59C20E9ED9500ACDC7F /* SDVideo.m in Sources */,
				EF5999F920E377DB003D0392 /* UIViewController+SDScrollView.m in Sources */,
				EF26D07720AA704B004573D5 /* SDHomeViewController.m in Sources */,
				EFF4A59320E9DB3E00ACDC7F /* SDAweme.m in Sources */,
				EFF4A59920E9ECE400ACDC7F /* SDAvatarLarger.m in Sources */,
				EF31732320DA3C87004BEA6F /* SDTabBar.m in Sources */,
				EFCC625320B9C42B00C8FA7A /* SDMeCollectionView.m in Sources */,
				EF1EC7FF20C99060006C0BE5 /* SDHomeBtnView.m in Sources */,
				EF26D06E20AA7024004573D5 /* SDLoginViewController.m in Sources */,
				EFCC623B20B93FA400C8FA7A /* NSString+SDString.m in Sources */,
				EFF4A59F20E9F1FA00ACDC7F /* SDMusic.m in Sources */,
				EFCC624A20B954C900C8FA7A /* SDMeLikeViewController.m in Sources */,
				EF7370BD20E47269003971D8 /* SDBaseAnimationTransition.m in Sources */,
				EF31731E20DA3C87004BEA6F /* SDBaseTableView.m in Sources */,
				EFF0591220F2063700792DBF /* SDAwemeFeedModel.m in Sources */,
				EF31732520DA3C87004BEA6F /* SDBaseHandler.m in Sources */,
				EF3F07DA20C930F2001F9DC5 /* SDHomeBtnItem.m in Sources */,
				EF041C9720DCD5480041794B /* SDVideoDetailViewController.m in Sources */,
				EF26CFCB20A992BF004573D5 /* ViewController.m in Sources */,
				EF94FF5E20E8EB01003532E7 /* SDObject.m in Sources */,
				EF26D07120AA7031004573D5 /* SDAddViewController.m in Sources */,
				EF31732420DA3C87004BEA6F /* SDTabBarViewController.m in Sources */,
				EFCC625620B9C43900C8FA7A /* SDMeCollectionViewCell.m in Sources */,
				EF58F1FB20AC8A180009DE08 /* SDNearbyCollectionView.m in Sources */,
				EF26D03920A99510004573D5 /* MJExtensionConfig.m in Sources */,
				EF2106A820ADD9740061B38B /* SDNewsHeadView.m in Sources */,
				EF77B11D20F89961005BB591 /* SDFollowFeedModel.m in Sources */,
				EF26CFCA20A992BF004573D5 /* AppDelegate.m in Sources */,
				EF26CF9C20A98F75004573D5 /* main.m in Sources */,
			);
			runOnlyForDeploymentPostprocessing = 0;
		};
		EF26CF9D20A98F77004573D5 /* Sources */ = {
			isa = PBXSourcesBuildPhase;
			buildActionMask = 2147483647;
			files = (
				EF26CFA620A98F77004573D5 /* SDDouYinTests.m in Sources */,
			);
			runOnlyForDeploymentPostprocessing = 0;
		};
		EF26CFA820A98F78004573D5 /* Sources */ = {
			isa = PBXSourcesBuildPhase;
			buildActionMask = 2147483647;
			files = (
				EF26CFB120A98F78004573D5 /* SDDouYinUITests.m in Sources */,
			);
			runOnlyForDeploymentPostprocessing = 0;
		};
/* End PBXSourcesBuildPhase section */

/* Begin PBXTargetDependency section */
		EF26CFA320A98F77004573D5 /* PBXTargetDependency */ = {
			isa = PBXTargetDependency;
			target = EF26CF8820A98F73004573D5 /* SDDouYin */;
			targetProxy = EF26CFA220A98F77004573D5 /* PBXContainerItemProxy */;
		};
		EF26CFAE20A98F78004573D5 /* PBXTargetDependency */ = {
			isa = PBXTargetDependency;
			target = EF26CF8820A98F73004573D5 /* SDDouYin */;
			targetProxy = EF26CFAD20A98F78004573D5 /* PBXContainerItemProxy */;
		};
/* End PBXTargetDependency section */

/* Begin PBXVariantGroup section */
		EF26CF9220A98F74004573D5 /* Main.storyboard */ = {
			isa = PBXVariantGroup;
			children = (
				EF26CF9320A98F74004573D5 /* Base */,
			);
			name = Main.storyboard;
			sourceTree = "<group>";
		};
		EF26CF9720A98F75004573D5 /* LaunchScreen.storyboard */ = {
			isa = PBXVariantGroup;
			children = (
				EF26CF9820A98F75004573D5 /* Base */,
			);
			name = LaunchScreen.storyboard;
			sourceTree = "<group>";
		};
/* End PBXVariantGroup section */

/* Begin XCBuildConfiguration section */
		EF26CFB320A98F78004573D5 /* Debug */ = {
			isa = XCBuildConfiguration;
			buildSettings = {
				ALWAYS_SEARCH_USER_PATHS = NO;
				CLANG_ANALYZER_NONNULL = YES;
				CLANG_ANALYZER_NUMBER_OBJECT_CONVERSION = YES_AGGRESSIVE;
				CLANG_CXX_LANGUAGE_STANDARD = "gnu++14";
				CLANG_CXX_LIBRARY = "libc++";
				CLANG_ENABLE_MODULES = YES;
				CLANG_ENABLE_OBJC_ARC = YES;
				CLANG_WARN_BLOCK_CAPTURE_AUTORELEASING = YES;
				CLANG_WARN_BOOL_CONVERSION = YES;
				CLANG_WARN_COMMA = YES;
				CLANG_WARN_CONSTANT_CONVERSION = YES;
				CLANG_WARN_DIRECT_OBJC_ISA_USAGE = YES_ERROR;
				CLANG_WARN_DOCUMENTATION_COMMENTS = YES;
				CLANG_WARN_EMPTY_BODY = YES;
				CLANG_WARN_ENUM_CONVERSION = YES;
				CLANG_WARN_INFINITE_RECURSION = YES;
				CLANG_WARN_INT_CONVERSION = YES;
				CLANG_WARN_NON_LITERAL_NULL_CONVERSION = YES;
				CLANG_WARN_OBJC_LITERAL_CONVERSION = YES;
				CLANG_WARN_OBJC_ROOT_CLASS = YES_ERROR;
				CLANG_WARN_RANGE_LOOP_ANALYSIS = YES;
				CLANG_WARN_STRICT_PROTOTYPES = YES;
				CLANG_WARN_SUSPICIOUS_MOVE = YES;
				CLANG_WARN_UNGUARDED_AVAILABILITY = YES_AGGRESSIVE;
				CLANG_WARN_UNREACHABLE_CODE = YES;
				CLANG_WARN__DUPLICATE_METHOD_MATCH = YES;
				CODE_SIGN_IDENTITY = "iPhone Developer";
				COPY_PHASE_STRIP = NO;
				DEBUG_INFORMATION_FORMAT = dwarf;
				ENABLE_STRICT_OBJC_MSGSEND = YES;
				ENABLE_TESTABILITY = YES;
				GCC_C_LANGUAGE_STANDARD = gnu11;
				GCC_DYNAMIC_NO_PIC = NO;
				GCC_NO_COMMON_BLOCKS = YES;
				GCC_OPTIMIZATION_LEVEL = 0;
				GCC_PREPROCESSOR_DEFINITIONS = (
					"DEBUG=1",
					"$(inherited)",
				);
				GCC_WARN_64_TO_32_BIT_CONVERSION = YES;
				GCC_WARN_ABOUT_RETURN_TYPE = YES_ERROR;
				GCC_WARN_UNDECLARED_SELECTOR = YES;
				GCC_WARN_UNINITIALIZED_AUTOS = YES_AGGRESSIVE;
				GCC_WARN_UNUSED_FUNCTION = YES;
				GCC_WARN_UNUSED_VARIABLE = YES;
				IPHONEOS_DEPLOYMENT_TARGET = 10.0;
				MTL_ENABLE_DEBUG_INFO = YES;
				ONLY_ACTIVE_ARCH = YES;
				SDKROOT = iphoneos;
			};
			name = Debug;
		};
		EF26CFB420A98F78004573D5 /* Release */ = {
			isa = XCBuildConfiguration;
			buildSettings = {
				ALWAYS_SEARCH_USER_PATHS = NO;
				CLANG_ANALYZER_NONNULL = YES;
				CLANG_ANALYZER_NUMBER_OBJECT_CONVERSION = YES_AGGRESSIVE;
				CLANG_CXX_LANGUAGE_STANDARD = "gnu++14";
				CLANG_CXX_LIBRARY = "libc++";
				CLANG_ENABLE_MODULES = YES;
				CLANG_ENABLE_OBJC_ARC = YES;
				CLANG_WARN_BLOCK_CAPTURE_AUTORELEASING = YES;
				CLANG_WARN_BOOL_CONVERSION = YES;
				CLANG_WARN_COMMA = YES;
				CLANG_WARN_CONSTANT_CONVERSION = YES;
				CLANG_WARN_DIRECT_OBJC_ISA_USAGE = YES_ERROR;
				CLANG_WARN_DOCUMENTATION_COMMENTS = YES;
				CLANG_WARN_EMPTY_BODY = YES;
				CLANG_WARN_ENUM_CONVERSION = YES;
				CLANG_WARN_INFINITE_RECURSION = YES;
				CLANG_WARN_INT_CONVERSION = YES;
				CLANG_WARN_NON_LITERAL_NULL_CONVERSION = YES;
				CLANG_WARN_OBJC_LITERAL_CONVERSION = YES;
				CLANG_WARN_OBJC_ROOT_CLASS = YES_ERROR;
				CLANG_WARN_RANGE_LOOP_ANALYSIS = YES;
				CLANG_WARN_STRICT_PROTOTYPES = YES;
				CLANG_WARN_SUSPICIOUS_MOVE = YES;
				CLANG_WARN_UNGUARDED_AVAILABILITY = YES_AGGRESSIVE;
				CLANG_WARN_UNREACHABLE_CODE = YES;
				CLANG_WARN__DUPLICATE_METHOD_MATCH = YES;
				CODE_SIGN_IDENTITY = "iPhone Developer";
				COPY_PHASE_STRIP = NO;
				DEBUG_INFORMATION_FORMAT = "dwarf-with-dsym";
				ENABLE_NS_ASSERTIONS = NO;
				ENABLE_STRICT_OBJC_MSGSEND = YES;
				GCC_C_LANGUAGE_STANDARD = gnu11;
				GCC_NO_COMMON_BLOCKS = YES;
				GCC_WARN_64_TO_32_BIT_CONVERSION = YES;
				GCC_WARN_ABOUT_RETURN_TYPE = YES_ERROR;
				GCC_WARN_UNDECLARED_SELECTOR = YES;
				GCC_WARN_UNINITIALIZED_AUTOS = YES_AGGRESSIVE;
				GCC_WARN_UNUSED_FUNCTION = YES;
				GCC_WARN_UNUSED_VARIABLE = YES;
				IPHONEOS_DEPLOYMENT_TARGET = 10.0;
				MTL_ENABLE_DEBUG_INFO = NO;
				SDKROOT = iphoneos;
				VALIDATE_PRODUCT = YES;
			};
			name = Release;
		};
		EF26CFB620A98F78004573D5 /* Debug */ = {
			isa = XCBuildConfiguration;
			baseConfigurationReference = 8391531588B2795116B10B7F /* Pods-SDDouYin.debug.xcconfig */;
			buildSettings = {
				ASSETCATALOG_COMPILER_APPICON_NAME = AppIcon;
				ASSETCATALOG_COMPILER_LAUNCHIMAGE_NAME = LaunchImage;
				CODE_SIGN_STYLE = Automatic;
				DEVELOPMENT_TEAM = 3PYAVNJVS7;
				FRAMEWORK_SEARCH_PATHS = (
					"$(inherited)",
					"$(PROJECT_DIR)/SDDouYin/Class/Lib/Framework",
				);
				GCC_PREFIX_HEADER = "$(SRCROOT)/SDDouYin/Class/Other/SDDouYin.pch";
				INFOPLIST_FILE = SDDouYin/Info.plist;
				IPHONEOS_DEPLOYMENT_TARGET = 10.0;
				LD_RUNPATH_SEARCH_PATHS = "$(inherited) @executable_path/Frameworks";
				PRODUCT_BUNDLE_IDENTIFIER = slowdony.SDDouYin;
				PRODUCT_NAME = "$(TARGET_NAME)";
				TARGETED_DEVICE_FAMILY = 1;
			};
			name = Debug;
		};
		EF26CFB720A98F78004573D5 /* Release */ = {
			isa = XCBuildConfiguration;
			baseConfigurationReference = A3CDE64C0DC54377064539F6 /* Pods-SDDouYin.release.xcconfig */;
			buildSettings = {
				ASSETCATALOG_COMPILER_APPICON_NAME = AppIcon;
				ASSETCATALOG_COMPILER_LAUNCHIMAGE_NAME = LaunchImage;
				CODE_SIGN_STYLE = Automatic;
				DEVELOPMENT_TEAM = 3PYAVNJVS7;
				FRAMEWORK_SEARCH_PATHS = (
					"$(inherited)",
					"$(PROJECT_DIR)/SDDouYin/Class/Lib/Framework",
				);
				GCC_PREFIX_HEADER = "$(SRCROOT)/SDDouYin/Class/Other/SDDouYin.pch";
				INFOPLIST_FILE = SDDouYin/Info.plist;
				IPHONEOS_DEPLOYMENT_TARGET = 10.0;
				LD_RUNPATH_SEARCH_PATHS = "$(inherited) @executable_path/Frameworks";
				PRODUCT_BUNDLE_IDENTIFIER = slowdony.SDDouYin;
				PRODUCT_NAME = "$(TARGET_NAME)";
				TARGETED_DEVICE_FAMILY = 1;
			};
			name = Release;
		};
		EF26CFB920A98F78004573D5 /* Debug */ = {
			isa = XCBuildConfiguration;
			buildSettings = {
				BUNDLE_LOADER = "$(TEST_HOST)";
				CODE_SIGN_STYLE = Automatic;
				INFOPLIST_FILE = SDDouYinTests/Info.plist;
				LD_RUNPATH_SEARCH_PATHS = "$(inherited) @executable_path/Frameworks @loader_path/Frameworks";
				PRODUCT_BUNDLE_IDENTIFIER = slowdony.SDDouYinTests;
				PRODUCT_NAME = "$(TARGET_NAME)";
				TARGETED_DEVICE_FAMILY = "1,2";
				TEST_HOST = "$(BUILT_PRODUCTS_DIR)/SDDouYin.app/SDDouYin";
			};
			name = Debug;
		};
		EF26CFBA20A98F78004573D5 /* Release */ = {
			isa = XCBuildConfiguration;
			buildSettings = {
				BUNDLE_LOADER = "$(TEST_HOST)";
				CODE_SIGN_STYLE = Automatic;
				INFOPLIST_FILE = SDDouYinTests/Info.plist;
				LD_RUNPATH_SEARCH_PATHS = "$(inherited) @executable_path/Frameworks @loader_path/Frameworks";
				PRODUCT_BUNDLE_IDENTIFIER = slowdony.SDDouYinTests;
				PRODUCT_NAME = "$(TARGET_NAME)";
				TARGETED_DEVICE_FAMILY = "1,2";
				TEST_HOST = "$(BUILT_PRODUCTS_DIR)/SDDouYin.app/SDDouYin";
			};
			name = Release;
		};
		EF26CFBC20A98F78004573D5 /* Debug */ = {
			isa = XCBuildConfiguration;
			buildSettings = {
				CODE_SIGN_STYLE = Automatic;
				INFOPLIST_FILE = SDDouYinUITests/Info.plist;
				LD_RUNPATH_SEARCH_PATHS = "$(inherited) @executable_path/Frameworks @loader_path/Frameworks";
				PRODUCT_BUNDLE_IDENTIFIER = slowdony.SDDouYinUITests;
				PRODUCT_NAME = "$(TARGET_NAME)";
				TARGETED_DEVICE_FAMILY = "1,2";
				TEST_TARGET_NAME = SDDouYin;
			};
			name = Debug;
		};
		EF26CFBD20A98F78004573D5 /* Release */ = {
			isa = XCBuildConfiguration;
			buildSettings = {
				CODE_SIGN_STYLE = Automatic;
				INFOPLIST_FILE = SDDouYinUITests/Info.plist;
				LD_RUNPATH_SEARCH_PATHS = "$(inherited) @executable_path/Frameworks @loader_path/Frameworks";
				PRODUCT_BUNDLE_IDENTIFIER = slowdony.SDDouYinUITests;
				PRODUCT_NAME = "$(TARGET_NAME)";
				TARGETED_DEVICE_FAMILY = "1,2";
				TEST_TARGET_NAME = SDDouYin;
			};
			name = Release;
		};
/* End XCBuildConfiguration section */

/* Begin XCConfigurationList section */
		EF26CF8420A98F73004573D5 /* Build configuration list for PBXProject "SDDouYin" */ = {
			isa = XCConfigurationList;
			buildConfigurations = (
				EF26CFB320A98F78004573D5 /* Debug */,
				EF26CFB420A98F78004573D5 /* Release */,
			);
			defaultConfigurationIsVisible = 0;
			defaultConfigurationName = Release;
		};
		EF26CFB520A98F78004573D5 /* Build configuration list for PBXNativeTarget "SDDouYin" */ = {
			isa = XCConfigurationList;
			buildConfigurations = (
				EF26CFB620A98F78004573D5 /* Debug */,
				EF26CFB720A98F78004573D5 /* Release */,
			);
			defaultConfigurationIsVisible = 0;
			defaultConfigurationName = Release;
		};
		EF26CFB820A98F78004573D5 /* Build configuration list for PBXNativeTarget "SDDouYinTests" */ = {
			isa = XCConfigurationList;
			buildConfigurations = (
				EF26CFB920A98F78004573D5 /* Debug */,
				EF26CFBA20A98F78004573D5 /* Release */,
			);
			defaultConfigurationIsVisible = 0;
			defaultConfigurationName = Release;
		};
		EF26CFBB20A98F78004573D5 /* Build configuration list for PBXNativeTarget "SDDouYinUITests" */ = {
			isa = XCConfigurationList;
			buildConfigurations = (
				EF26CFBC20A98F78004573D5 /* Debug */,
				EF26CFBD20A98F78004573D5 /* Release */,
			);
			defaultConfigurationIsVisible = 0;
			defaultConfigurationName = Release;
		};
/* End XCConfigurationList section */
	};
	rootObject = EF26CF8120A98F73004573D5 /* Project object */;
}
