// !$*UTF8*$!
{
	archiveVersion = 1;
	classes = {
	};
	objectVersion = 48;
	objects = {

/* Begin PBXBuildFile section */
		9F3B32AEF97E6EB2EEE44FDF /* libPods-SDDouYin.a in Frameworks */ = {isa = PBXBuildFile; fileRef = C739C8C11D26CF8EAAC43F43 /* libPods-SDDouYin.a */; };
		EF21069920ADD1540061B38B /* SDFocusCollectionView.m in Sources */ = {isa = PBXBuildFile; fileRef = EF21069820ADD1540061B38B /* SDFocusCollectionView.m */; };
		EF21069C20ADD1650061B38B /* SDFocusCollectionViewCell.m in Sources */ = {isa = PBXBuildFile; fileRef = EF21069B20ADD1650061B38B /* SDFocusCollectionViewCell.m */; };
		EF21069F20ADD7620061B38B /* SDNearbyListViewController.m in Sources */ = {isa = PBXBuildFile; fileRef = EF21069E20ADD7620061B38B /* SDNearbyListViewController.m */; };
		EF2106A220ADD93A0061B38B /* SDNewsTableView.m in Sources */ = {isa = PBXBuildFile; fileRef = EF2106A120ADD93A0061B38B /* SDNewsTableView.m */; };
		EF2106A520ADD95A0061B38B /* SDNewsTableViewCell.m in Sources */ = {isa = PBXBuildFile; fileRef = EF2106A420ADD95A0061B38B /* SDNewsTableViewCell.m */; };
		EF2106A820ADD9740061B38B /* SDNewsHeadView.m in Sources */ = {isa = PBXBuildFile; fileRef = EF2106A720ADD9740061B38B /* SDNewsHeadView.m */; };
		EF26CF9420A98F74004573D5 /* Main.storyboard in Resources */ = {isa = PBXBuildFile; fileRef = EF26CF9220A98F74004573D5 /* Main.storyboard */; };
		EF26CF9620A98F75004573D5 /* Assets.xcassets in Resources */ = {isa = PBXBuildFile; fileRef = EF26CF9520A98F75004573D5 /* Assets.xcassets */; };
		EF26CF9920A98F75004573D5 /* LaunchScreen.storyboard in Resources */ = {isa = PBXBuildFile; fileRef = EF26CF9720A98F75004573D5 /* LaunchScreen.storyboard */; };
		EF26CF9C20A98F75004573D5 /* main.m in Sources */ = {isa = PBXBuildFile; fileRef = EF26CF9B20A98F75004573D5 /* main.m */; };
		EF26CFA620A98F77004573D5 /* SDDouYinTests.m in Sources */ = {isa = PBXBuildFile; fileRef = EF26CFA520A98F77004573D5 /* SDDouYinTests.m */; };
		EF26CFB120A98F78004573D5 /* SDDouYinUITests.m in Sources */ = {isa = PBXBuildFile; fileRef = EF26CFB020A98F78004573D5 /* SDDouYinUITests.m */; };
		EF26CFCA20A992BF004573D5 /* AppDelegate.m in Sources */ = {isa = PBXBuildFile; fileRef = EF26CFC720A992BF004573D5 /* AppDelegate.m */; };
		EF26CFCB20A992BF004573D5 /* ViewController.m in Sources */ = {isa = PBXBuildFile; fileRef = EF26CFC920A992BF004573D5 /* ViewController.m */; };
		EF26D01920A992E0004573D5 /* SDHelper.m in Sources */ = {isa = PBXBuildFile; fileRef = EF26CFCE20A992DD004573D5 /* SDHelper.m */; };
		EF26D01A20A992E0004573D5 /* SDHttpTool.m in Sources */ = {isa = PBXBuildFile; fileRef = EF26CFD220A992DD004573D5 /* SDHttpTool.m */; };
		EF26D02920A992E0004573D5 /* UIBarButtonItem+Extension.m in Sources */ = {isa = PBXBuildFile; fileRef = EF26CFF720A992DF004573D5 /* UIBarButtonItem+Extension.m */; };
		EF26D02A20A992E0004573D5 /* UIImage+SDImage.m in Sources */ = {isa = PBXBuildFile; fileRef = EF26CFF920A992DF004573D5 /* UIImage+SDImage.m */; };
		EF26D02B20A992E0004573D5 /* IJKMediaFramework.framework in Frameworks */ = {isa = PBXBuildFile; fileRef = EF26CFFB20A992DF004573D5 /* IJKMediaFramework.framework */; };
		EF26D02C20A992E0004573D5 /* SDBaseHandler.m in Sources */ = {isa = PBXBuildFile; fileRef = EF26CFFE20A992DF004573D5 /* SDBaseHandler.m */; };
		EF26D02D20A992E0004573D5 /* SDBaseNavigationController.m in Sources */ = {isa = PBXBuildFile; fileRef = EF26D00020A992DF004573D5 /* SDBaseNavigationController.m */; };
		EF26D02E20A992E0004573D5 /* SDBaseTableView.m in Sources */ = {isa = PBXBuildFile; fileRef = EF26D00220A992DF004573D5 /* SDBaseTableView.m */; };
		EF26D02F20A992E0004573D5 /* SDBaseTableViewCell.m in Sources */ = {isa = PBXBuildFile; fileRef = EF26D00420A992DF004573D5 /* SDBaseTableViewCell.m */; };
		EF26D03020A992E0004573D5 /* SDBaseViewController.m in Sources */ = {isa = PBXBuildFile; fileRef = EF26D00620A992DF004573D5 /* SDBaseViewController.m */; };
		EF26D03120A992E0004573D5 /* SDTabBar.m in Sources */ = {isa = PBXBuildFile; fileRef = EF26D00820A992DF004573D5 /* SDTabBar.m */; };
		EF26D03220A992E0004573D5 /* SDTabBarViewController.m in Sources */ = {isa = PBXBuildFile; fileRef = EF26D00A20A992DF004573D5 /* SDTabBarViewController.m */; };
		EF26D03920A99510004573D5 /* MJExtensionConfig.m in Sources */ = {isa = PBXBuildFile; fileRef = EF26D03820A99510004573D5 /* MJExtensionConfig.m */; };
		EF26D05120A99652004573D5 /* SDMeViewController.m in Sources */ = {isa = PBXBuildFile; fileRef = EF26D04520A99651004573D5 /* SDMeViewController.m */; };
		EF26D06E20AA7024004573D5 /* SDLoginViewController.m in Sources */ = {isa = PBXBuildFile; fileRef = EF26D06D20AA7024004573D5 /* SDLoginViewController.m */; };
		EF26D07120AA7031004573D5 /* SDAddViewController.m in Sources */ = {isa = PBXBuildFile; fileRef = EF26D07020AA7031004573D5 /* SDAddViewController.m */; };
		EF26D07420AA7040004573D5 /* SDFocusViewController.m in Sources */ = {isa = PBXBuildFile; fileRef = EF26D07320AA7040004573D5 /* SDFocusViewController.m */; };
		EF26D07720AA704B004573D5 /* SDHomeViewController.m in Sources */ = {isa = PBXBuildFile; fileRef = EF26D07620AA704B004573D5 /* SDHomeViewController.m */; };
		EF26D07A20AA7057004573D5 /* SDNewsViewController.m in Sources */ = {isa = PBXBuildFile; fileRef = EF26D07920AA7057004573D5 /* SDNewsViewController.m */; };
		EF26D07D20AA8BB4004573D5 /* SDRecommendViewController.m in Sources */ = {isa = PBXBuildFile; fileRef = EF26D07C20AA8BB4004573D5 /* SDRecommendViewController.m */; };
		EF26D08020AA8BE9004573D5 /* SDNearbyViewController.m in Sources */ = {isa = PBXBuildFile; fileRef = EF26D07F20AA8BE9004573D5 /* SDNearbyViewController.m */; };
		EF26D08320AA8C7C004573D5 /* SDShowTopView.m in Sources */ = {isa = PBXBuildFile; fileRef = EF26D08120AA8C7C004573D5 /* SDShowTopView.m */; };
		EF26D09A20AB3AA2004573D5 /* BaseViewController.m in Sources */ = {isa = PBXBuildFile; fileRef = EF26D09920AB3AA2004573D5 /* BaseViewController.m */; };
		EF26D09D20AB3AB9004573D5 /* SDBaseHiddenViewController.m in Sources */ = {isa = PBXBuildFile; fileRef = EF26D09C20AB3AB9004573D5 /* SDBaseHiddenViewController.m */; };
		EF58F1FB20AC8A180009DE08 /* SDNearbyCollectionView.m in Sources */ = {isa = PBXBuildFile; fileRef = EF58F1FA20AC8A180009DE08 /* SDNearbyCollectionView.m */; };
		EF58F1FE20AC8A2F0009DE08 /* SDNearbyCollectionViewCell.m in Sources */ = {isa = PBXBuildFile; fileRef = EF58F1FD20AC8A2F0009DE08 /* SDNearbyCollectionViewCell.m */; };
/* End PBXBuildFile section */

/* Begin PBXContainerItemProxy section */
		EF26CFA220A98F77004573D5 /* PBXContainerItemProxy */ = {
			isa = PBXContainerItemProxy;
			containerPortal = EF26CF8120A98F73004573D5 /* Project object */;
			proxyType = 1;
			remoteGlobalIDString = EF26CF8820A98F73004573D5;
			remoteInfo = SDDouYin;
		};
		EF26CFAD20A98F78004573D5 /* PBXContainerItemProxy */ = {
			isa = PBXContainerItemProxy;
			containerPortal = EF26CF8120A98F73004573D5 /* Project object */;
			proxyType = 1;
			remoteGlobalIDString = EF26CF8820A98F73004573D5;
			remoteInfo = SDDouYin;
		};
/* End PBXContainerItemProxy section */

/* Begin PBXFileReference section */
		8391531588B2795116B10B7F /* Pods-SDDouYin.debug.xcconfig */ = {isa = PBXFileReference; includeInIndex = 1; lastKnownFileType = text.xcconfig; name = "Pods-SDDouYin.debug.xcconfig"; path = "Pods/Target Support Files/Pods-SDDouYin/Pods-SDDouYin.debug.xcconfig"; sourceTree = "<group>"; };
		A3CDE64C0DC54377064539F6 /* Pods-SDDouYin.release.xcconfig */ = {isa = PBXFileReference; includeInIndex = 1; lastKnownFileType = text.xcconfig; name = "Pods-SDDouYin.release.xcconfig"; path = "Pods/Target Support Files/Pods-SDDouYin/Pods-SDDouYin.release.xcconfig"; sourceTree = "<group>"; };
		C739C8C11D26CF8EAAC43F43 /* libPods-SDDouYin.a */ = {isa = PBXFileReference; explicitFileType = archive.ar; includeInIndex = 0; path = "libPods-SDDouYin.a"; sourceTree = BUILT_PRODUCTS_DIR; };
		EF21069720ADD1540061B38B /* SDFocusCollectionView.h */ = {isa = PBXFileReference; lastKnownFileType = sourcecode.c.h; path = SDFocusCollectionView.h; sourceTree = "<group>"; };
		EF21069820ADD1540061B38B /* SDFocusCollectionView.m */ = {isa = PBXFileReference; lastKnownFileType = sourcecode.c.objc; path = SDFocusCollectionView.m; sourceTree = "<group>"; };
		EF21069A20ADD1650061B38B /* SDFocusCollectionViewCell.h */ = {isa = PBXFileReference; lastKnownFileType = sourcecode.c.h; path = SDFocusCollectionViewCell.h; sourceTree = "<group>"; };
		EF21069B20ADD1650061B38B /* SDFocusCollectionViewCell.m */ = {isa = PBXFileReference; lastKnownFileType = sourcecode.c.objc; path = SDFocusCollectionViewCell.m; sourceTree = "<group>"; };
		EF21069D20ADD7620061B38B /* SDNearbyListViewController.h */ = {isa = PBXFileReference; lastKnownFileType = sourcecode.c.h; path = SDNearbyListViewController.h; sourceTree = "<group>"; };
		EF21069E20ADD7620061B38B /* SDNearbyListViewController.m */ = {isa = PBXFileReference; lastKnownFileType = sourcecode.c.objc; path = SDNearbyListViewController.m; sourceTree = "<group>"; };
		EF2106A020ADD93A0061B38B /* SDNewsTableView.h */ = {isa = PBXFileReference; lastKnownFileType = sourcecode.c.h; path = SDNewsTableView.h; sourceTree = "<group>"; };
		EF2106A120ADD93A0061B38B /* SDNewsTableView.m */ = {isa = PBXFileReference; lastKnownFileType = sourcecode.c.objc; path = SDNewsTableView.m; sourceTree = "<group>"; };
		EF2106A320ADD95A0061B38B /* SDNewsTableViewCell.h */ = {isa = PBXFileReference; lastKnownFileType = sourcecode.c.h; path = SDNewsTableViewCell.h; sourceTree = "<group>"; };
		EF2106A420ADD95A0061B38B /* SDNewsTableViewCell.m */ = {isa = PBXFileReference; lastKnownFileType = sourcecode.c.objc; path = SDNewsTableViewCell.m; sourceTree = "<group>"; };
		EF2106A620ADD9740061B38B /* SDNewsHeadView.h */ = {isa = PBXFileReference; lastKnownFileType = sourcecode.c.h; path = SDNewsHeadView.h; sourceTree = "<group>"; };
		EF2106A720ADD9740061B38B /* SDNewsHeadView.m */ = {isa = PBXFileReference; lastKnownFileType = sourcecode.c.objc; path = SDNewsHeadView.m; sourceTree = "<group>"; };
		EF26CF8920A98F73004573D5 /* SDDouYin.app */ = {isa = PBXFileReference; explicitFileType = wrapper.application; includeInIndex = 0; path = SDDouYin.app; sourceTree = BUILT_PRODUCTS_DIR; };
		EF26CF9320A98F74004573D5 /* Base */ = {isa = PBXFileReference; lastKnownFileType = file.storyboard; name = Base; path = Base.lproj/Main.storyboard; sourceTree = "<group>"; };
		EF26CF9520A98F75004573D5 /* Assets.xcassets */ = {isa = PBXFileReference; lastKnownFileType = folder.assetcatalog; path = Assets.xcassets; sourceTree = "<group>"; };
		EF26CF9820A98F75004573D5 /* Base */ = {isa = PBXFileReference; lastKnownFileType = file.storyboard; name = Base; path = Base.lproj/LaunchScreen.storyboard; sourceTree = "<group>"; };
		EF26CF9A20A98F75004573D5 /* Info.plist */ = {isa = PBXFileReference; lastKnownFileType = text.plist.xml; path = Info.plist; sourceTree = "<group>"; };
		EF26CF9B20A98F75004573D5 /* main.m */ = {isa = PBXFileReference; lastKnownFileType = sourcecode.c.objc; path = main.m; sourceTree = "<group>"; };
		EF26CFA120A98F77004573D5 /* SDDouYinTests.xctest */ = {isa = PBXFileReference; explicitFileType = wrapper.cfbundle; includeInIndex = 0; path = SDDouYinTests.xctest; sourceTree = BUILT_PRODUCTS_DIR; };
		EF26CFA520A98F77004573D5 /* SDDouYinTests.m */ = {isa = PBXFileReference; lastKnownFileType = sourcecode.c.objc; path = SDDouYinTests.m; sourceTree = "<group>"; };
		EF26CFA720A98F77004573D5 /* Info.plist */ = {isa = PBXFileReference; lastKnownFileType = text.plist.xml; path = Info.plist; sourceTree = "<group>"; };
		EF26CFAC20A98F78004573D5 /* SDDouYinUITests.xctest */ = {isa = PBXFileReference; explicitFileType = wrapper.cfbundle; includeInIndex = 0; path = SDDouYinUITests.xctest; sourceTree = BUILT_PRODUCTS_DIR; };
		EF26CFB020A98F78004573D5 /* SDDouYinUITests.m */ = {isa = PBXFileReference; lastKnownFileType = sourcecode.c.objc; path = SDDouYinUITests.m; sourceTree = "<group>"; };
		EF26CFB220A98F78004573D5 /* Info.plist */ = {isa = PBXFileReference; lastKnownFileType = text.plist.xml; path = Info.plist; sourceTree = "<group>"; };
		EF26CFC620A992BF004573D5 /* AppDelegate.h */ = {isa = PBXFileReference; fileEncoding = 4; lastKnownFileType = sourcecode.c.h; path = AppDelegate.h; sourceTree = "<group>"; };
		EF26CFC720A992BF004573D5 /* AppDelegate.m */ = {isa = PBXFileReference; fileEncoding = 4; lastKnownFileType = sourcecode.c.objc; path = AppDelegate.m; sourceTree = "<group>"; };
		EF26CFC820A992BF004573D5 /* ViewController.h */ = {isa = PBXFileReference; fileEncoding = 4; lastKnownFileType = sourcecode.c.h; path = ViewController.h; sourceTree = "<group>"; };
		EF26CFC920A992BF004573D5 /* ViewController.m */ = {isa = PBXFileReference; fileEncoding = 4; lastKnownFileType = sourcecode.c.objc; path = ViewController.m; sourceTree = "<group>"; };
		EF26CFCD20A992DD004573D5 /* SDHelper.h */ = {isa = PBXFileReference; fileEncoding = 4; lastKnownFileType = sourcecode.c.h; path = SDHelper.h; sourceTree = "<group>"; };
		EF26CFCE20A992DD004573D5 /* SDHelper.m */ = {isa = PBXFileReference; fileEncoding = 4; lastKnownFileType = sourcecode.c.objc; path = SDHelper.m; sourceTree = "<group>"; };
		EF26CFD020A992DD004573D5 /* APIConfig.h */ = {isa = PBXFileReference; fileEncoding = 4; lastKnownFileType = sourcecode.c.h; path = APIConfig.h; sourceTree = "<group>"; };
		EF26CFD120A992DD004573D5 /* SDHttpTool.h */ = {isa = PBXFileReference; fileEncoding = 4; lastKnownFileType = sourcecode.c.h; path = SDHttpTool.h; sourceTree = "<group>"; };
		EF26CFD220A992DD004573D5 /* SDHttpTool.m */ = {isa = PBXFileReference; fileEncoding = 4; lastKnownFileType = sourcecode.c.objc; path = SDHttpTool.m; sourceTree = "<group>"; };
		EF26CFF620A992DF004573D5 /* UIBarButtonItem+Extension.h */ = {isa = PBXFileReference; fileEncoding = 4; lastKnownFileType = sourcecode.c.h; path = "UIBarButtonItem+Extension.h"; sourceTree = "<group>"; };
		EF26CFF720A992DF004573D5 /* UIBarButtonItem+Extension.m */ = {isa = PBXFileReference; fileEncoding = 4; lastKnownFileType = sourcecode.c.objc; path = "UIBarButtonItem+Extension.m"; sourceTree = "<group>"; };
		EF26CFF820A992DF004573D5 /* UIImage+SDImage.h */ = {isa = PBXFileReference; fileEncoding = 4; lastKnownFileType = sourcecode.c.h; path = "UIImage+SDImage.h"; sourceTree = "<group>"; };
		EF26CFF920A992DF004573D5 /* UIImage+SDImage.m */ = {isa = PBXFileReference; fileEncoding = 4; lastKnownFileType = sourcecode.c.objc; path = "UIImage+SDImage.m"; sourceTree = "<group>"; };
		EF26CFFB20A992DF004573D5 /* IJKMediaFramework.framework */ = {isa = PBXFileReference; lastKnownFileType = wrapper.framework; path = IJKMediaFramework.framework; sourceTree = "<group>"; };
		EF26CFFD20A992DF004573D5 /* SDBaseHandler.h */ = {isa = PBXFileReference; fileEncoding = 4; lastKnownFileType = sourcecode.c.h; path = SDBaseHandler.h; sourceTree = "<group>"; };
		EF26CFFE20A992DF004573D5 /* SDBaseHandler.m */ = {isa = PBXFileReference; fileEncoding = 4; lastKnownFileType = sourcecode.c.objc; path = SDBaseHandler.m; sourceTree = "<group>"; };
		EF26CFFF20A992DF004573D5 /* SDBaseNavigationController.h */ = {isa = PBXFileReference; fileEncoding = 4; lastKnownFileType = sourcecode.c.h; path = SDBaseNavigationController.h; sourceTree = "<group>"; };
		EF26D00020A992DF004573D5 /* SDBaseNavigationController.m */ = {isa = PBXFileReference; fileEncoding = 4; lastKnownFileType = sourcecode.c.objc; path = SDBaseNavigationController.m; sourceTree = "<group>"; };
		EF26D00120A992DF004573D5 /* SDBaseTableView.h */ = {isa = PBXFileReference; fileEncoding = 4; lastKnownFileType = sourcecode.c.h; path = SDBaseTableView.h; sourceTree = "<group>"; };
		EF26D00220A992DF004573D5 /* SDBaseTableView.m */ = {isa = PBXFileReference; fileEncoding = 4; lastKnownFileType = sourcecode.c.objc; path = SDBaseTableView.m; sourceTree = "<group>"; };
		EF26D00320A992DF004573D5 /* SDBaseTableViewCell.h */ = {isa = PBXFileReference; fileEncoding = 4; lastKnownFileType = sourcecode.c.h; path = SDBaseTableViewCell.h; sourceTree = "<group>"; };
		EF26D00420A992DF004573D5 /* SDBaseTableViewCell.m */ = {isa = PBXFileReference; fileEncoding = 4; lastKnownFileType = sourcecode.c.objc; path = SDBaseTableViewCell.m; sourceTree = "<group>"; };
		EF26D00520A992DF004573D5 /* SDBaseViewController.h */ = {isa = PBXFileReference; fileEncoding = 4; lastKnownFileType = sourcecode.c.h; path = SDBaseViewController.h; sourceTree = "<group>"; };
		EF26D00620A992DF004573D5 /* SDBaseViewController.m */ = {isa = PBXFileReference; fileEncoding = 4; lastKnownFileType = sourcecode.c.objc; path = SDBaseViewController.m; sourceTree = "<group>"; };
		EF26D00720A992DF004573D5 /* SDTabBar.h */ = {isa = PBXFileReference; fileEncoding = 4; lastKnownFileType = sourcecode.c.h; path = SDTabBar.h; sourceTree = "<group>"; };
		EF26D00820A992DF004573D5 /* SDTabBar.m */ = {isa = PBXFileReference; fileEncoding = 4; lastKnownFileType = sourcecode.c.objc; path = SDTabBar.m; sourceTree = "<group>"; };
		EF26D00920A992DF004573D5 /* SDTabBarViewController.h */ = {isa = PBXFileReference; fileEncoding = 4; lastKnownFileType = sourcecode.c.h; path = SDTabBarViewController.h; sourceTree = "<group>"; };
		EF26D00A20A992DF004573D5 /* SDTabBarViewController.m */ = {isa = PBXFileReference; fileEncoding = 4; lastKnownFileType = sourcecode.c.objc; path = SDTabBarViewController.m; sourceTree = "<group>"; };
		EF26D03520A994DD004573D5 /* SDDouYin.pch */ = {isa = PBXFileReference; lastKnownFileType = sourcecode.c.h; path = SDDouYin.pch; sourceTree = "<group>"; };
		EF26D03620A994FF004573D5 /* SDMacros.h */ = {isa = PBXFileReference; fileEncoding = 4; lastKnownFileType = sourcecode.c.h; path = SDMacros.h; sourceTree = "<group>"; };
		EF26D03720A99510004573D5 /* MJExtensionConfig.h */ = {isa = PBXFileReference; fileEncoding = 4; lastKnownFileType = sourcecode.c.h; path = MJExtensionConfig.h; sourceTree = "<group>"; };
		EF26D03820A99510004573D5 /* MJExtensionConfig.m */ = {isa = PBXFileReference; fileEncoding = 4; lastKnownFileType = sourcecode.c.objc; path = MJExtensionConfig.m; sourceTree = "<group>"; };
		EF26D04420A99651004573D5 /* SDMeViewController.h */ = {isa = PBXFileReference; fileEncoding = 4; lastKnownFileType = sourcecode.c.h; path = SDMeViewController.h; sourceTree = "<group>"; };
		EF26D04520A99651004573D5 /* SDMeViewController.m */ = {isa = PBXFileReference; fileEncoding = 4; lastKnownFileType = sourcecode.c.objc; path = SDMeViewController.m; sourceTree = "<group>"; };
		EF26D06C20AA7024004573D5 /* SDLoginViewController.h */ = {isa = PBXFileReference; lastKnownFileType = sourcecode.c.h; path = SDLoginViewController.h; sourceTree = "<group>"; };
		EF26D06D20AA7024004573D5 /* SDLoginViewController.m */ = {isa = PBXFileReference; lastKnownFileType = sourcecode.c.objc; path = SDLoginViewController.m; sourceTree = "<group>"; };
		EF26D06F20AA7031004573D5 /* SDAddViewController.h */ = {isa = PBXFileReference; lastKnownFileType = sourcecode.c.h; path = SDAddViewController.h; sourceTree = "<group>"; };
		EF26D07020AA7031004573D5 /* SDAddViewController.m */ = {isa = PBXFileReference; lastKnownFileType = sourcecode.c.objc; path = SDAddViewController.m; sourceTree = "<group>"; };
		EF26D07220AA7040004573D5 /* SDFocusViewController.h */ = {isa = PBXFileReference; lastKnownFileType = sourcecode.c.h; path = SDFocusViewController.h; sourceTree = "<group>"; };
		EF26D07320AA7040004573D5 /* SDFocusViewController.m */ = {isa = PBXFileReference; lastKnownFileType = sourcecode.c.objc; path = SDFocusViewController.m; sourceTree = "<group>"; };
		EF26D07520AA704B004573D5 /* SDHomeViewController.h */ = {isa = PBXFileReference; lastKnownFileType = sourcecode.c.h; path = SDHomeViewController.h; sourceTree = "<group>"; };
		EF26D07620AA704B004573D5 /* SDHomeViewController.m */ = {isa = PBXFileReference; lastKnownFileType = sourcecode.c.objc; path = SDHomeViewController.m; sourceTree = "<group>"; };
		EF26D07820AA7057004573D5 /* SDNewsViewController.h */ = {isa = PBXFileReference; lastKnownFileType = sourcecode.c.h; path = SDNewsViewController.h; sourceTree = "<group>"; };
		EF26D07920AA7057004573D5 /* SDNewsViewController.m */ = {isa = PBXFileReference; lastKnownFileType = sourcecode.c.objc; path = SDNewsViewController.m; sourceTree = "<group>"; };
		EF26D07B20AA8BB4004573D5 /* SDRecommendViewController.h */ = {isa = PBXFileReference; lastKnownFileType = sourcecode.c.h; path = SDRecommendViewController.h; sourceTree = "<group>"; };
		EF26D07C20AA8BB4004573D5 /* SDRecommendViewController.m */ = {isa = PBXFileReference; lastKnownFileType = sourcecode.c.objc; path = SDRecommendViewController.m; sourceTree = "<group>"; };
		EF26D07E20AA8BE9004573D5 /* SDNearbyViewController.h */ = {isa = PBXFileReference; lastKnownFileType = sourcecode.c.h; path = SDNearbyViewController.h; sourceTree = "<group>"; };
		EF26D07F20AA8BE9004573D5 /* SDNearbyViewController.m */ = {isa = PBXFileReference; lastKnownFileType = sourcecode.c.objc; path = SDNearbyViewController.m; sourceTree = "<group>"; };
		EF26D08120AA8C7C004573D5 /* SDShowTopView.m */ = {isa = PBXFileReference; fileEncoding = 4; lastKnownFileType = sourcecode.c.objc; path = SDShowTopView.m; sourceTree = "<group>"; };
		EF26D08220AA8C7C004573D5 /* SDShowTopView.h */ = {isa = PBXFileReference; fileEncoding = 4; lastKnownFileType = sourcecode.c.h; path = SDShowTopView.h; sourceTree = "<group>"; };
		EF26D09820AB3AA2004573D5 /* BaseViewController.h */ = {isa = PBXFileReference; lastKnownFileType = sourcecode.c.h; path = BaseViewController.h; sourceTree = "<group>"; };
		EF26D09920AB3AA2004573D5 /* BaseViewController.m */ = {isa = PBXFileReference; lastKnownFileType = sourcecode.c.objc; path = BaseViewController.m; sourceTree = "<group>"; };
		EF26D09B20AB3AB9004573D5 /* SDBaseHiddenViewController.h */ = {isa = PBXFileReference; lastKnownFileType = sourcecode.c.h; path = SDBaseHiddenViewController.h; sourceTree = "<group>"; };
		EF26D09C20AB3AB9004573D5 /* SDBaseHiddenViewController.m */ = {isa = PBXFileReference; lastKnownFileType = sourcecode.c.objc; path = SDBaseHiddenViewController.m; sourceTree = "<group>"; };
		EF58F1F920AC8A180009DE08 /* SDNearbyCollectionView.h */ = {isa = PBXFileReference; lastKnownFileType = sourcecode.c.h; path = SDNearbyCollectionView.h; sourceTree = "<group>"; };
		EF58F1FA20AC8A180009DE08 /* SDNearbyCollectionView.m */ = {isa = PBXFileReference; lastKnownFileType = sourcecode.c.objc; path = SDNearbyCollectionView.m; sourceTree = "<group>"; };
		EF58F1FC20AC8A2F0009DE08 /* SDNearbyCollectionViewCell.h */ = {isa = PBXFileReference; lastKnownFileType = sourcecode.c.h; path = SDNearbyCollectionViewCell.h; sourceTree = "<group>"; };
		EF58F1FD20AC8A2F0009DE08 /* SDNearbyCollectionViewCell.m */ = {isa = PBXFileReference; lastKnownFileType = sourcecode.c.objc; path = SDNearbyCollectionViewCell.m; sourceTree = "<group>"; };
/* End PBXFileReference section */

/* Begin PBXFrameworksBuildPhase section */
		EF26CF8620A98F73004573D5 /* Frameworks */ = {
			isa = PBXFrameworksBuildPhase;
			buildActionMask = 2147483647;
			files = (
				EF26D02B20A992E0004573D5 /* IJKMediaFramework.framework in Frameworks */,
				9F3B32AEF97E6EB2EEE44FDF /* libPods-SDDouYin.a in Frameworks */,
			);
			runOnlyForDeploymentPostprocessing = 0;
		};
		EF26CF9E20A98F77004573D5 /* Frameworks */ = {
			isa = PBXFrameworksBuildPhase;
			buildActionMask = 2147483647;
			files = (
			);
			runOnlyForDeploymentPostprocessing = 0;
		};
		EF26CFA920A98F78004573D5 /* Frameworks */ = {
			isa = PBXFrameworksBuildPhase;
			buildActionMask = 2147483647;
			files = (
			);
			runOnlyForDeploymentPostprocessing = 0;
		};
/* End PBXFrameworksBuildPhase section */

/* Begin PBXGroup section */
		3E9B042C8E48C49768DFB2A9 /* Frameworks */ = {
			isa = PBXGroup;
			children = (
				C739C8C11D26CF8EAAC43F43 /* libPods-SDDouYin.a */,
			);
			name = Frameworks;
			sourceTree = "<group>";
		};
		C3A33648DA8125AD493C4683 /* Pods */ = {
			isa = PBXGroup;
			children = (
				8391531588B2795116B10B7F /* Pods-SDDouYin.debug.xcconfig */,
				A3CDE64C0DC54377064539F6 /* Pods-SDDouYin.release.xcconfig */,
			);
			name = Pods;
			sourceTree = "<group>";
		};
		EF26CF8020A98F73004573D5 = {
			isa = PBXGroup;
			children = (
				EF26CF8B20A98F73004573D5 /* SDDouYin */,
				EF26CFA420A98F77004573D5 /* SDDouYinTests */,
				EF26CFAF20A98F78004573D5 /* SDDouYinUITests */,
				EF26CF8A20A98F73004573D5 /* Products */,
				C3A33648DA8125AD493C4683 /* Pods */,
				3E9B042C8E48C49768DFB2A9 /* Frameworks */,
			);
			sourceTree = "<group>";
		};
		EF26CF8A20A98F73004573D5 /* Products */ = {
			isa = PBXGroup;
			children = (
				EF26CF8920A98F73004573D5 /* SDDouYin.app */,
				EF26CFA120A98F77004573D5 /* SDDouYinTests.xctest */,
				EF26CFAC20A98F78004573D5 /* SDDouYinUITests.xctest */,
			);
			name = Products;
			sourceTree = "<group>";
		};
		EF26CF8B20A98F73004573D5 /* SDDouYin */ = {
			isa = PBXGroup;
			children = (
				EF26CFBE20A99266004573D5 /* Class */,
				EF26CF9220A98F74004573D5 /* Main.storyboard */,
				EF26CF9520A98F75004573D5 /* Assets.xcassets */,
				EF26CF9720A98F75004573D5 /* LaunchScreen.storyboard */,
				EF26CF9A20A98F75004573D5 /* Info.plist */,
				EF26CF9B20A98F75004573D5 /* main.m */,
			);
			path = SDDouYin;
			sourceTree = "<group>";
		};
		EF26CFA420A98F77004573D5 /* SDDouYinTests */ = {
			isa = PBXGroup;
			children = (
				EF26CFA520A98F77004573D5 /* SDDouYinTests.m */,
				EF26CFA720A98F77004573D5 /* Info.plist */,
			);
			path = SDDouYinTests;
			sourceTree = "<group>";
		};
		EF26CFAF20A98F78004573D5 /* SDDouYinUITests */ = {
			isa = PBXGroup;
			children = (
				EF26CFB020A98F78004573D5 /* SDDouYinUITests.m */,
				EF26CFB220A98F78004573D5 /* Info.plist */,
			);
			path = SDDouYinUITests;
			sourceTree = "<group>";
		};
		EF26CFBE20A99266004573D5 /* Class */ = {
			isa = PBXGroup;
			children = (
				EF26D03A20A99651004573D5 /* Controllers */,
				EF26CFFC20A992DF004573D5 /* Base */,
				EF26CFCC20A992DD004573D5 /* Helpers */,
				EF26CFF420A992DF004573D5 /* Lib */,
				EF26CFCF20A992DD004573D5 /* NetWork */,
				EF26CFC520A992BF004573D5 /* Other */,
			);
			path = Class;
			sourceTree = "<group>";
		};
		EF26CFC520A992BF004573D5 /* Other */ = {
			isa = PBXGroup;
			children = (
				EF26CFC620A992BF004573D5 /* AppDelegate.h */,
				EF26CFC720A992BF004573D5 /* AppDelegate.m */,
				EF26CFC820A992BF004573D5 /* ViewController.h */,
				EF26CFC920A992BF004573D5 /* ViewController.m */,
				EF26D03620A994FF004573D5 /* SDMacros.h */,
				EF26D03520A994DD004573D5 /* SDDouYin.pch */,
				EF26D03720A99510004573D5 /* MJExtensionConfig.h */,
				EF26D03820A99510004573D5 /* MJExtensionConfig.m */,
			);
			path = Other;
			sourceTree = "<group>";
		};
		EF26CFCC20A992DD004573D5 /* Helpers */ = {
			isa = PBXGroup;
			children = (
				EF26CFCD20A992DD004573D5 /* SDHelper.h */,
				EF26CFCE20A992DD004573D5 /* SDHelper.m */,
			);
			path = Helpers;
			sourceTree = "<group>";
		};
		EF26CFCF20A992DD004573D5 /* NetWork */ = {
			isa = PBXGroup;
			children = (
				EF26CFD020A992DD004573D5 /* APIConfig.h */,
				EF26CFD120A992DD004573D5 /* SDHttpTool.h */,
				EF26CFD220A992DD004573D5 /* SDHttpTool.m */,
			);
			path = NetWork;
			sourceTree = "<group>";
		};
		EF26CFF420A992DF004573D5 /* Lib */ = {
			isa = PBXGroup;
			children = (
				EF26CFF520A992DF004573D5 /* Extension */,
				EF26CFFA20A992DF004573D5 /* Framework */,
			);
			path = Lib;
			sourceTree = "<group>";
		};
		EF26CFF520A992DF004573D5 /* Extension */ = {
			isa = PBXGroup;
			children = (
				EF26CFF620A992DF004573D5 /* UIBarButtonItem+Extension.h */,
				EF26CFF720A992DF004573D5 /* UIBarButtonItem+Extension.m */,
				EF26CFF820A992DF004573D5 /* UIImage+SDImage.h */,
				EF26CFF920A992DF004573D5 /* UIImage+SDImage.m */,
			);
			path = Extension;
			sourceTree = "<group>";
		};
		EF26CFFA20A992DF004573D5 /* Framework */ = {
			isa = PBXGroup;
			children = (
				EF26CFFB20A992DF004573D5 /* IJKMediaFramework.framework */,
			);
			path = Framework;
			sourceTree = "<group>";
		};
		EF26CFFC20A992DF004573D5 /* Base */ = {
			isa = PBXGroup;
			children = (
				EF26CFFD20A992DF004573D5 /* SDBaseHandler.h */,
				EF26CFFE20A992DF004573D5 /* SDBaseHandler.m */,
				EF26CFFF20A992DF004573D5 /* SDBaseNavigationController.h */,
				EF26D00020A992DF004573D5 /* SDBaseNavigationController.m */,
				EF26D00120A992DF004573D5 /* SDBaseTableView.h */,
				EF26D00220A992DF004573D5 /* SDBaseTableView.m */,
				EF26D00320A992DF004573D5 /* SDBaseTableViewCell.h */,
				EF26D00420A992DF004573D5 /* SDBaseTableViewCell.m */,
				EF26D00520A992DF004573D5 /* SDBaseViewController.h */,
				EF26D00620A992DF004573D5 /* SDBaseViewController.m */,
				EF26D09820AB3AA2004573D5 /* BaseViewController.h */,
				EF26D09920AB3AA2004573D5 /* BaseViewController.m */,
				EF26D09B20AB3AB9004573D5 /* SDBaseHiddenViewController.h */,
				EF26D09C20AB3AB9004573D5 /* SDBaseHiddenViewController.m */,
				EF26D00720A992DF004573D5 /* SDTabBar.h */,
				EF26D00820A992DF004573D5 /* SDTabBar.m */,
				EF26D00920A992DF004573D5 /* SDTabBarViewController.h */,
				EF26D00A20A992DF004573D5 /* SDTabBarViewController.m */,
			);
			path = Base;
			sourceTree = "<group>";
		};
		EF26D03A20A99651004573D5 /* Controllers */ = {
			isa = PBXGroup;
			children = (
				EF26D06720A99766004573D5 /* Login */,
				EF26D05320A99739004573D5 /* Add */,
				EF26D05D20A99739004573D5 /* Focus */,
				EF26D06220A99739004573D5 /* Home */,
				EF26D05820A99739004573D5 /* News */,
				EF26D04220A99651004573D5 /* Me */,
			);
			path = Controllers;
			sourceTree = "<group>";
		};
		EF26D04220A99651004573D5 /* Me */ = {
			isa = PBXGroup;
			children = (
				EF26D04320A99651004573D5 /* Controller */,
				EF26D04620A99651004573D5 /* Model */,
				EF26D04720A99651004573D5 /* Tool */,
				EF26D04820A99651004573D5 /* View */,
			);
			path = Me;
			sourceTree = "<group>";
		};
		EF26D04320A99651004573D5 /* Controller */ = {
			isa = PBXGroup;
			children = (
				EF26D04420A99651004573D5 /* SDMeViewController.h */,
				EF26D04520A99651004573D5 /* SDMeViewController.m */,
			);
			path = Controller;
			sourceTree = "<group>";
		};
		EF26D04620A99651004573D5 /* Model */ = {
			isa = PBXGroup;
			children = (
			);
			path = Model;
			sourceTree = "<group>";
		};
		EF26D04720A99651004573D5 /* Tool */ = {
			isa = PBXGroup;
			children = (
			);
			path = Tool;
			sourceTree = "<group>";
		};
		EF26D04820A99651004573D5 /* View */ = {
			isa = PBXGroup;
			children = (
			);
			path = View;
			sourceTree = "<group>";
		};
		EF26D05320A99739004573D5 /* Add */ = {
			isa = PBXGroup;
			children = (
				EF26D05420A99739004573D5 /* Controller */,
				EF26D05520A99739004573D5 /* Model */,
				EF26D05620A99739004573D5 /* Tool */,
				EF26D05720A99739004573D5 /* View */,
			);
			path = Add;
			sourceTree = "<group>";
		};
		EF26D05420A99739004573D5 /* Controller */ = {
			isa = PBXGroup;
			children = (
				EF26D06F20AA7031004573D5 /* SDAddViewController.h */,
				EF26D07020AA7031004573D5 /* SDAddViewController.m */,
			);
			path = Controller;
			sourceTree = "<group>";
		};
		EF26D05520A99739004573D5 /* Model */ = {
			isa = PBXGroup;
			children = (
			);
			path = Model;
			sourceTree = "<group>";
		};
		EF26D05620A99739004573D5 /* Tool */ = {
			isa = PBXGroup;
			children = (
			);
			path = Tool;
			sourceTree = "<group>";
		};
		EF26D05720A99739004573D5 /* View */ = {
			isa = PBXGroup;
			children = (
			);
			path = View;
			sourceTree = "<group>";
		};
		EF26D05820A99739004573D5 /* News */ = {
			isa = PBXGroup;
			children = (
				EF26D05920A99739004573D5 /* Controller */,
				EF26D05A20A99739004573D5 /* Model */,
				EF26D05B20A99739004573D5 /* Tool */,
				EF26D05C20A99739004573D5 /* View */,
			);
			path = News;
			sourceTree = "<group>";
		};
		EF26D05920A99739004573D5 /* Controller */ = {
			isa = PBXGroup;
			children = (
				EF26D07820AA7057004573D5 /* SDNewsViewController.h */,
				EF26D07920AA7057004573D5 /* SDNewsViewController.m */,
			);
			path = Controller;
			sourceTree = "<group>";
		};
		EF26D05A20A99739004573D5 /* Model */ = {
			isa = PBXGroup;
			children = (
			);
			path = Model;
			sourceTree = "<group>";
		};
		EF26D05B20A99739004573D5 /* Tool */ = {
			isa = PBXGroup;
			children = (
			);
			path = Tool;
			sourceTree = "<group>";
		};
		EF26D05C20A99739004573D5 /* View */ = {
			isa = PBXGroup;
			children = (
				EF2106A020ADD93A0061B38B /* SDNewsTableView.h */,
				EF2106A120ADD93A0061B38B /* SDNewsTableView.m */,
				EF2106A320ADD95A0061B38B /* SDNewsTableViewCell.h */,
				EF2106A420ADD95A0061B38B /* SDNewsTableViewCell.m */,
				EF2106A620ADD9740061B38B /* SDNewsHeadView.h */,
				EF2106A720ADD9740061B38B /* SDNewsHeadView.m */,
			);
			path = View;
			sourceTree = "<group>";
		};
		EF26D05D20A99739004573D5 /* Focus */ = {
			isa = PBXGroup;
			children = (
				EF26D05E20A99739004573D5 /* Controller */,
				EF26D05F20A99739004573D5 /* Model */,
				EF26D06020A99739004573D5 /* Tool */,
				EF26D06120A99739004573D5 /* View */,
			);
			path = Focus;
			sourceTree = "<group>";
		};
		EF26D05E20A99739004573D5 /* Controller */ = {
			isa = PBXGroup;
			children = (
				EF26D07220AA7040004573D5 /* SDFocusViewController.h */,
				EF26D07320AA7040004573D5 /* SDFocusViewController.m */,
			);
			path = Controller;
			sourceTree = "<group>";
		};
		EF26D05F20A99739004573D5 /* Model */ = {
			isa = PBXGroup;
			children = (
			);
			path = Model;
			sourceTree = "<group>";
		};
		EF26D06020A99739004573D5 /* Tool */ = {
			isa = PBXGroup;
			children = (
			);
			path = Tool;
			sourceTree = "<group>";
		};
		EF26D06120A99739004573D5 /* View */ = {
			isa = PBXGroup;
			children = (
				EF21069720ADD1540061B38B /* SDFocusCollectionView.h */,
				EF21069820ADD1540061B38B /* SDFocusCollectionView.m */,
				EF21069A20ADD1650061B38B /* SDFocusCollectionViewCell.h */,
				EF21069B20ADD1650061B38B /* SDFocusCollectionViewCell.m */,
			);
			path = View;
			sourceTree = "<group>";
		};
		EF26D06220A99739004573D5 /* Home */ = {
			isa = PBXGroup;
			children = (
				EF26D06320A99739004573D5 /* Controller */,
				EF26D06420A99739004573D5 /* Model */,
				EF26D06520A99739004573D5 /* Tool */,
				EF26D06620A99739004573D5 /* View */,
			);
			path = Home;
			sourceTree = "<group>";
		};
		EF26D06320A99739004573D5 /* Controller */ = {
			isa = PBXGroup;
			children = (
				EF26D07520AA704B004573D5 /* SDHomeViewController.h */,
				EF26D07620AA704B004573D5 /* SDHomeViewController.m */,
				EF26D07B20AA8BB4004573D5 /* SDRecommendViewController.h */,
				EF26D07C20AA8BB4004573D5 /* SDRecommendViewController.m */,
				EF26D07E20AA8BE9004573D5 /* SDNearbyViewController.h */,
				EF26D07F20AA8BE9004573D5 /* SDNearbyViewController.m */,
				EF21069D20ADD7620061B38B /* SDNearbyListViewController.h */,
				EF21069E20ADD7620061B38B /* SDNearbyListViewController.m */,
			);
			path = Controller;
			sourceTree = "<group>";
		};
		EF26D06420A99739004573D5 /* Model */ = {
			isa = PBXGroup;
			children = (
			);
			path = Model;
			sourceTree = "<group>";
		};
		EF26D06520A99739004573D5 /* Tool */ = {
			isa = PBXGroup;
			children = (
			);
			path = Tool;
			sourceTree = "<group>";
		};
		EF26D06620A99739004573D5 /* View */ = {
			isa = PBXGroup;
			children = (
				EF26D08220AA8C7C004573D5 /* SDShowTopView.h */,
				EF26D08120AA8C7C004573D5 /* SDShowTopView.m */,
				EF58F1F920AC8A180009DE08 /* SDNearbyCollectionView.h */,
				EF58F1FA20AC8A180009DE08 /* SDNearbyCollectionView.m */,
				EF58F1FC20AC8A2F0009DE08 /* SDNearbyCollectionViewCell.h */,
				EF58F1FD20AC8A2F0009DE08 /* SDNearbyCollectionViewCell.m */,
			);
			path = View;
			sourceTree = "<group>";
		};
		EF26D06720A99766004573D5 /* Login */ = {
			isa = PBXGroup;
			children = (
				EF26D06820A99766004573D5 /* Controller */,
				EF26D06920A99766004573D5 /* Model */,
				EF26D06A20A99766004573D5 /* Tool */,
				EF26D06B20A99766004573D5 /* View */,
			);
			path = Login;
			sourceTree = "<group>";
		};
		EF26D06820A99766004573D5 /* Controller */ = {
			isa = PBXGroup;
			children = (
				EF26D06C20AA7024004573D5 /* SDLoginViewController.h */,
				EF26D06D20AA7024004573D5 /* SDLoginViewController.m */,
			);
			path = Controller;
			sourceTree = "<group>";
		};
		EF26D06920A99766004573D5 /* Model */ = {
			isa = PBXGroup;
			children = (
			);
			path = Model;
			sourceTree = "<group>";
		};
		EF26D06A20A99766004573D5 /* Tool */ = {
			isa = PBXGroup;
			children = (
			);
			path = Tool;
			sourceTree = "<group>";
		};
		EF26D06B20A99766004573D5 /* View */ = {
			isa = PBXGroup;
			children = (
			);
			path = View;
			sourceTree = "<group>";
		};
/* End PBXGroup section */

/* Begin PBXNativeTarget section */
		EF26CF8820A98F73004573D5 /* SDDouYin */ = {
			isa = PBXNativeTarget;
			buildConfigurationList = EF26CFB520A98F78004573D5 /* Build configuration list for PBXNativeTarget "SDDouYin" */;
			buildPhases = (
				225C7B6C7B28772E64274039 /* [CP] Check Pods Manifest.lock */,
				EF26CF8520A98F73004573D5 /* Sources */,
				EF26CF8620A98F73004573D5 /* Frameworks */,
				EF26CF8720A98F73004573D5 /* Resources */,
				4FAC6A7FFC81403AA56C350D /* [CP] Embed Pods Frameworks */,
				E2CDEAC419AB866E84C65E27 /* [CP] Copy Pods Resources */,
			);
			buildRules = (
			);
			dependencies = (
			);
			name = SDDouYin;
			productName = SDDouYin;
			productReference = EF26CF8920A98F73004573D5 /* SDDouYin.app */;
			productType = "com.apple.product-type.application";
		};
		EF26CFA020A98F77004573D5 /* SDDouYinTests */ = {
			isa = PBXNativeTarget;
			buildConfigurationList = EF26CFB820A98F78004573D5 /* Build configuration list for PBXNativeTarget "SDDouYinTests" */;
			buildPhases = (
				EF26CF9D20A98F77004573D5 /* Sources */,
				EF26CF9E20A98F77004573D5 /* Frameworks */,
				EF26CF9F20A98F77004573D5 /* Resources */,
			);
			buildRules = (
			);
			dependencies = (
				EF26CFA320A98F77004573D5 /* PBXTargetDependency */,
			);
			name = SDDouYinTests;
			productName = SDDouYinTests;
			productReference = EF26CFA120A98F77004573D5 /* SDDouYinTests.xctest */;
			productType = "com.apple.product-type.bundle.unit-test";
		};
		EF26CFAB20A98F78004573D5 /* SDDouYinUITests */ = {
			isa = PBXNativeTarget;
			buildConfigurationList = EF26CFBB20A98F78004573D5 /* Build configuration list for PBXNativeTarget "SDDouYinUITests" */;
			buildPhases = (
				EF26CFA820A98F78004573D5 /* Sources */,
				EF26CFA920A98F78004573D5 /* Frameworks */,
				EF26CFAA20A98F78004573D5 /* Resources */,
			);
			buildRules = (
			);
			dependencies = (
				EF26CFAE20A98F78004573D5 /* PBXTargetDependency */,
			);
			name = SDDouYinUITests;
			productName = SDDouYinUITests;
			productReference = EF26CFAC20A98F78004573D5 /* SDDouYinUITests.xctest */;
			productType = "com.apple.product-type.bundle.ui-testing";
		};
/* End PBXNativeTarget section */

/* Begin PBXProject section */
		EF26CF8120A98F73004573D5 /* Project object */ = {
			isa = PBXProject;
			attributes = {
				LastUpgradeCheck = 0910;
				ORGANIZATIONNAME = slowdony;
				TargetAttributes = {
					EF26CF8820A98F73004573D5 = {
						CreatedOnToolsVersion = 9.1;
						ProvisioningStyle = Automatic;
					};
					EF26CFA020A98F77004573D5 = {
						CreatedOnToolsVersion = 9.1;
						ProvisioningStyle = Automatic;
						TestTargetID = EF26CF8820A98F73004573D5;
					};
					EF26CFAB20A98F78004573D5 = {
						CreatedOnToolsVersion = 9.1;
						ProvisioningStyle = Automatic;
						TestTargetID = EF26CF8820A98F73004573D5;
					};
				};
			};
			buildConfigurationList = EF26CF8420A98F73004573D5 /* Build configuration list for PBXProject "SDDouYin" */;
			compatibilityVersion = "Xcode 8.0";
			developmentRegion = en;
			hasScannedForEncodings = 0;
			knownRegions = (
				en,
				Base,
			);
			mainGroup = EF26CF8020A98F73004573D5;
			productRefGroup = EF26CF8A20A98F73004573D5 /* Products */;
			projectDirPath = "";
			projectRoot = "";
			targets = (
				EF26CF8820A98F73004573D5 /* SDDouYin */,
				EF26CFA020A98F77004573D5 /* SDDouYinTests */,
				EF26CFAB20A98F78004573D5 /* SDDouYinUITests */,
			);
		};
/* End PBXProject section */

/* Begin PBXResourcesBuildPhase section */
		EF26CF8720A98F73004573D5 /* Resources */ = {
			isa = PBXResourcesBuildPhase;
			buildActionMask = 2147483647;
			files = (
				EF26CF9920A98F75004573D5 /* LaunchScreen.storyboard in Resources */,
				EF26CF9620A98F75004573D5 /* Assets.xcassets in Resources */,
				EF26CF9420A98F74004573D5 /* Main.storyboard in Resources */,
			);
			runOnlyForDeploymentPostprocessing = 0;
		};
		EF26CF9F20A98F77004573D5 /* Resources */ = {
			isa = PBXResourcesBuildPhase;
			buildActionMask = 2147483647;
			files = (
			);
			runOnlyForDeploymentPostprocessing = 0;
		};
		EF26CFAA20A98F78004573D5 /* Resources */ = {
			isa = PBXResourcesBuildPhase;
			buildActionMask = 2147483647;
			files = (
			);
			runOnlyForDeploymentPostprocessing = 0;
		};
/* End PBXResourcesBuildPhase section */

/* Begin PBXShellScriptBuildPhase section */
		225C7B6C7B28772E64274039 /* [CP] Check Pods Manifest.lock */ = {
			isa = PBXShellScriptBuildPhase;
			buildActionMask = 2147483647;
			files = (
			);
			inputPaths = (
				"${PODS_PODFILE_DIR_PATH}/Podfile.lock",
				"${PODS_ROOT}/Manifest.lock",
			);
			name = "[CP] Check Pods Manifest.lock";
			outputPaths = (
				"$(DERIVED_FILE_DIR)/Pods-SDDouYin-checkManifestLockResult.txt",
			);
			runOnlyForDeploymentPostprocessing = 0;
			shellPath = /bin/sh;
			shellScript = "diff \"${PODS_PODFILE_DIR_PATH}/Podfile.lock\" \"${PODS_ROOT}/Manifest.lock\" > /dev/null\nif [ $? != 0 ] ; then\n    # print error to STDERR\n    echo \"error: The sandbox is not in sync with the Podfile.lock. Run 'pod install' or update your CocoaPods installation.\" >&2\n    exit 1\nfi\n# This output is used by Xcode 'outputs' to avoid re-running this script phase.\necho \"SUCCESS\" > \"${SCRIPT_OUTPUT_FILE_0}\"\n";
			showEnvVarsInLog = 0;
		};
		4FAC6A7FFC81403AA56C350D /* [CP] Embed Pods Frameworks */ = {
			isa = PBXShellScriptBuildPhase;
			buildActionMask = 2147483647;
			files = (
			);
			inputPaths = (
			);
			name = "[CP] Embed Pods Frameworks";
			outputPaths = (
			);
			runOnlyForDeploymentPostprocessing = 0;
			shellPath = /bin/sh;
			shellScript = "\"${SRCROOT}/Pods/Target Support Files/Pods-SDDouYin/Pods-SDDouYin-frameworks.sh\"\n";
			showEnvVarsInLog = 0;
		};
		E2CDEAC419AB866E84C65E27 /* [CP] Copy Pods Resources */ = {
			isa = PBXShellScriptBuildPhase;
			buildActionMask = 2147483647;
			files = (
			);
			inputPaths = (
				"${SRCROOT}/Pods/Target Support Files/Pods-SDDouYin/Pods-SDDouYin-resources.sh",
				"${PODS_ROOT}/MJRefresh/MJRefresh/MJRefresh.bundle",
			);
			name = "[CP] Copy Pods Resources";
			outputPaths = (
				"${TARGET_BUILD_DIR}/${UNLOCALIZED_RESOURCES_FOLDER_PATH}/MJRefresh.bundle",
			);
			runOnlyForDeploymentPostprocessing = 0;
			shellPath = /bin/sh;
			shellScript = "\"${SRCROOT}/Pods/Target Support Files/Pods-SDDouYin/Pods-SDDouYin-resources.sh\"\n";
			showEnvVarsInLog = 0;
		};
/* End PBXShellScriptBuildPhase section */

/* Begin PBXSourcesBuildPhase section */
		EF26CF8520A98F73004573D5 /* Sources */ = {
			isa = PBXSourcesBuildPhase;
			buildActionMask = 2147483647;
			files = (
				EF26D08320AA8C7C004573D5 /* SDShowTopView.m in Sources */,
				EF26D05120A99652004573D5 /* SDMeViewController.m in Sources */,
				EF26D03220A992E0004573D5 /* SDTabBarViewController.m in Sources */,
				EF2106A220ADD93A0061B38B /* SDNewsTableView.m in Sources */,
				EF26D02A20A992E0004573D5 /* UIImage+SDImage.m in Sources */,
				EF21069F20ADD7620061B38B /* SDNearbyListViewController.m in Sources */,
				EF26D02D20A992E0004573D5 /* SDBaseNavigationController.m in Sources */,
				EF26D08020AA8BE9004573D5 /* SDNearbyViewController.m in Sources */,
				EF26D02920A992E0004573D5 /* UIBarButtonItem+Extension.m in Sources */,
				EF2106A520ADD95A0061B38B /* SDNewsTableViewCell.m in Sources */,
				EF21069920ADD1540061B38B /* SDFocusCollectionView.m in Sources */,
				EF26D07420AA7040004573D5 /* SDFocusViewController.m in Sources */,
				EF26D07A20AA7057004573D5 /* SDNewsViewController.m in Sources */,
				EF26D01A20A992E0004573D5 /* SDHttpTool.m in Sources */,
				EF58F1FE20AC8A2F0009DE08 /* SDNearbyCollectionViewCell.m in Sources */,
				EF26D07D20AA8BB4004573D5 /* SDRecommendViewController.m in Sources */,
				EF26D09A20AB3AA2004573D5 /* BaseViewController.m in Sources */,
				EF21069C20ADD1650061B38B /* SDFocusCollectionViewCell.m in Sources */,
				EF26D01920A992E0004573D5 /* SDHelper.m in Sources */,
				EF26D07720AA704B004573D5 /* SDHomeViewController.m in Sources */,
				EF26D03020A992E0004573D5 /* SDBaseViewController.m in Sources */,
				EF26D06E20AA7024004573D5 /* SDLoginViewController.m in Sources */,
				EF26D09D20AB3AB9004573D5 /* SDBaseHiddenViewController.m in Sources */,
				EF26CFCB20A992BF004573D5 /* ViewController.m in Sources */,
				EF26D03120A992E0004573D5 /* SDTabBar.m in Sources */,
				EF26D07120AA7031004573D5 /* SDAddViewController.m in Sources */,
				EF58F1FB20AC8A180009DE08 /* SDNearbyCollectionView.m in Sources */,
				EF26D02F20A992E0004573D5 /* SDBaseTableViewCell.m in Sources */,
				EF26D03920A99510004573D5 /* MJExtensionConfig.m in Sources */,
				EF26D02E20A992E0004573D5 /* SDBaseTableView.m in Sources */,
				EF2106A820ADD9740061B38B /* SDNewsHeadView.m in Sources */,
				EF26D02C20A992E0004573D5 /* SDBaseHandler.m in Sources */,
				EF26CFCA20A992BF004573D5 /* AppDelegate.m in Sources */,
				EF26CF9C20A98F75004573D5 /* main.m in Sources */,
			);
			runOnlyForDeploymentPostprocessing = 0;
		};
		EF26CF9D20A98F77004573D5 /* Sources */ = {
			isa = PBXSourcesBuildPhase;
			buildActionMask = 2147483647;
			files = (
				EF26CFA620A98F77004573D5 /* SDDouYinTests.m in Sources */,
			);
			runOnlyForDeploymentPostprocessing = 0;
		};
		EF26CFA820A98F78004573D5 /* Sources */ = {
			isa = PBXSourcesBuildPhase;
			buildActionMask = 2147483647;
			files = (
				EF26CFB120A98F78004573D5 /* SDDouYinUITests.m in Sources */,
			);
			runOnlyForDeploymentPostprocessing = 0;
		};
/* End PBXSourcesBuildPhase section */

/* Begin PBXTargetDependency section */
		EF26CFA320A98F77004573D5 /* PBXTargetDependency */ = {
			isa = PBXTargetDependency;
			target = EF26CF8820A98F73004573D5 /* SDDouYin */;
			targetProxy = EF26CFA220A98F77004573D5 /* PBXContainerItemProxy */;
		};
		EF26CFAE20A98F78004573D5 /* PBXTargetDependency */ = {
			isa = PBXTargetDependency;
			target = EF26CF8820A98F73004573D5 /* SDDouYin */;
			targetProxy = EF26CFAD20A98F78004573D5 /* PBXContainerItemProxy */;
		};
/* End PBXTargetDependency section */

/* Begin PBXVariantGroup section */
		EF26CF9220A98F74004573D5 /* Main.storyboard */ = {
			isa = PBXVariantGroup;
			children = (
				EF26CF9320A98F74004573D5 /* Base */,
			);
			name = Main.storyboard;
			sourceTree = "<group>";
		};
		EF26CF9720A98F75004573D5 /* LaunchScreen.storyboard */ = {
			isa = PBXVariantGroup;
			children = (
				EF26CF9820A98F75004573D5 /* Base */,
			);
			name = LaunchScreen.storyboard;
			sourceTree = "<group>";
		};
/* End PBXVariantGroup section */

/* Begin XCBuildConfiguration section */
		EF26CFB320A98F78004573D5 /* Debug */ = {
			isa = XCBuildConfiguration;
			buildSettings = {
				ALWAYS_SEARCH_USER_PATHS = NO;
				CLANG_ANALYZER_NONNULL = YES;
				CLANG_ANALYZER_NUMBER_OBJECT_CONVERSION = YES_AGGRESSIVE;
				CLANG_CXX_LANGUAGE_STANDARD = "gnu++14";
				CLANG_CXX_LIBRARY = "libc++";
				CLANG_ENABLE_MODULES = YES;
				CLANG_ENABLE_OBJC_ARC = YES;
				CLANG_WARN_BLOCK_CAPTURE_AUTORELEASING = YES;
				CLANG_WARN_BOOL_CONVERSION = YES;
				CLANG_WARN_COMMA = YES;
				CLANG_WARN_CONSTANT_CONVERSION = YES;
				CLANG_WARN_DIRECT_OBJC_ISA_USAGE = YES_ERROR;
				CLANG_WARN_DOCUMENTATION_COMMENTS = YES;
				CLANG_WARN_EMPTY_BODY = YES;
				CLANG_WARN_ENUM_CONVERSION = YES;
				CLANG_WARN_INFINITE_RECURSION = YES;
				CLANG_WARN_INT_CONVERSION = YES;
				CLANG_WARN_NON_LITERAL_NULL_CONVERSION = YES;
				CLANG_WARN_OBJC_LITERAL_CONVERSION = YES;
				CLANG_WARN_OBJC_ROOT_CLASS = YES_ERROR;
				CLANG_WARN_RANGE_LOOP_ANALYSIS = YES;
				CLANG_WARN_STRICT_PROTOTYPES = YES;
				CLANG_WARN_SUSPICIOUS_MOVE = YES;
				CLANG_WARN_UNGUARDED_AVAILABILITY = YES_AGGRESSIVE;
				CLANG_WARN_UNREACHABLE_CODE = YES;
				CLANG_WARN__DUPLICATE_METHOD_MATCH = YES;
				CODE_SIGN_IDENTITY = "iPhone Developer";
				COPY_PHASE_STRIP = NO;
				DEBUG_INFORMATION_FORMAT = dwarf;
				ENABLE_STRICT_OBJC_MSGSEND = YES;
				ENABLE_TESTABILITY = YES;
				GCC_C_LANGUAGE_STANDARD = gnu11;
				GCC_DYNAMIC_NO_PIC = NO;
				GCC_NO_COMMON_BLOCKS = YES;
				GCC_OPTIMIZATION_LEVEL = 0;
				GCC_PREPROCESSOR_DEFINITIONS = (
					"DEBUG=1",
					"$(inherited)",
				);
				GCC_WARN_64_TO_32_BIT_CONVERSION = YES;
				GCC_WARN_ABOUT_RETURN_TYPE = YES_ERROR;
				GCC_WARN_UNDECLARED_SELECTOR = YES;
				GCC_WARN_UNINITIALIZED_AUTOS = YES_AGGRESSIVE;
				GCC_WARN_UNUSED_FUNCTION = YES;
				GCC_WARN_UNUSED_VARIABLE = YES;
				IPHONEOS_DEPLOYMENT_TARGET = 10.0;
				MTL_ENABLE_DEBUG_INFO = YES;
				ONLY_ACTIVE_ARCH = YES;
				SDKROOT = iphoneos;
			};
			name = Debug;
		};
		EF26CFB420A98F78004573D5 /* Release */ = {
			isa = XCBuildConfiguration;
			buildSettings = {
				ALWAYS_SEARCH_USER_PATHS = NO;
				CLANG_ANALYZER_NONNULL = YES;
				CLANG_ANALYZER_NUMBER_OBJECT_CONVERSION = YES_AGGRESSIVE;
				CLANG_CXX_LANGUAGE_STANDARD = "gnu++14";
				CLANG_CXX_LIBRARY = "libc++";
				CLANG_ENABLE_MODULES = YES;
				CLANG_ENABLE_OBJC_ARC = YES;
				CLANG_WARN_BLOCK_CAPTURE_AUTORELEASING = YES;
				CLANG_WARN_BOOL_CONVERSION = YES;
				CLANG_WARN_COMMA = YES;
				CLANG_WARN_CONSTANT_CONVERSION = YES;
				CLANG_WARN_DIRECT_OBJC_ISA_USAGE = YES_ERROR;
				CLANG_WARN_DOCUMENTATION_COMMENTS = YES;
				CLANG_WARN_EMPTY_BODY = YES;
				CLANG_WARN_ENUM_CONVERSION = YES;
				CLANG_WARN_INFINITE_RECURSION = YES;
				CLANG_WARN_INT_CONVERSION = YES;
				CLANG_WARN_NON_LITERAL_NULL_CONVERSION = YES;
				CLANG_WARN_OBJC_LITERAL_CONVERSION = YES;
				CLANG_WARN_OBJC_ROOT_CLASS = YES_ERROR;
				CLANG_WARN_RANGE_LOOP_ANALYSIS = YES;
				CLANG_WARN_STRICT_PROTOTYPES = YES;
				CLANG_WARN_SUSPICIOUS_MOVE = YES;
				CLANG_WARN_UNGUARDED_AVAILABILITY = YES_AGGRESSIVE;
				CLANG_WARN_UNREACHABLE_CODE = YES;
				CLANG_WARN__DUPLICATE_METHOD_MATCH = YES;
				CODE_SIGN_IDENTITY = "iPhone Developer";
				COPY_PHASE_STRIP = NO;
				DEBUG_INFORMATION_FORMAT = "dwarf-with-dsym";
				ENABLE_NS_ASSERTIONS = NO;
				ENABLE_STRICT_OBJC_MSGSEND = YES;
				GCC_C_LANGUAGE_STANDARD = gnu11;
				GCC_NO_COMMON_BLOCKS = YES;
				GCC_WARN_64_TO_32_BIT_CONVERSION = YES;
				GCC_WARN_ABOUT_RETURN_TYPE = YES_ERROR;
				GCC_WARN_UNDECLARED_SELECTOR = YES;
				GCC_WARN_UNINITIALIZED_AUTOS = YES_AGGRESSIVE;
				GCC_WARN_UNUSED_FUNCTION = YES;
				GCC_WARN_UNUSED_VARIABLE = YES;
				IPHONEOS_DEPLOYMENT_TARGET = 10.0;
				MTL_ENABLE_DEBUG_INFO = NO;
				SDKROOT = iphoneos;
				VALIDATE_PRODUCT = YES;
			};
			name = Release;
		};
		EF26CFB620A98F78004573D5 /* Debug */ = {
			isa = XCBuildConfiguration;
			baseConfigurationReference = 8391531588B2795116B10B7F /* Pods-SDDouYin.debug.xcconfig */;
			buildSettings = {
				ASSETCATALOG_COMPILER_APPICON_NAME = AppIcon;
				CODE_SIGN_STYLE = Automatic;
				DEVELOPMENT_TEAM = 3PYAVNJVS7;
				FRAMEWORK_SEARCH_PATHS = (
					"$(inherited)",
					"$(PROJECT_DIR)/SDDouYin/Class/Lib/Framework",
				);
				GCC_PREFIX_HEADER = "$(SRCROOT)/SDDouYin/Class/Other/SDDouYin.pch";
				INFOPLIST_FILE = SDDouYin/Info.plist;
				IPHONEOS_DEPLOYMENT_TARGET = 10.0;
				LD_RUNPATH_SEARCH_PATHS = "$(inherited) @executable_path/Frameworks";
				PRODUCT_BUNDLE_IDENTIFIER = slowdony.SDDouYin;
				PRODUCT_NAME = "$(TARGET_NAME)";
				TARGETED_DEVICE_FAMILY = 1;
			};
			name = Debug;
		};
		EF26CFB720A98F78004573D5 /* Release */ = {
			isa = XCBuildConfiguration;
			baseConfigurationReference = A3CDE64C0DC54377064539F6 /* Pods-SDDouYin.release.xcconfig */;
			buildSettings = {
				ASSETCATALOG_COMPILER_APPICON_NAME = AppIcon;
				CODE_SIGN_STYLE = Automatic;
				DEVELOPMENT_TEAM = 3PYAVNJVS7;
				FRAMEWORK_SEARCH_PATHS = (
					"$(inherited)",
					"$(PROJECT_DIR)/SDDouYin/Class/Lib/Framework",
				);
				GCC_PREFIX_HEADER = "$(SRCROOT)/SDDouYin/Class/Other/SDDouYin.pch";
				INFOPLIST_FILE = SDDouYin/Info.plist;
				IPHONEOS_DEPLOYMENT_TARGET = 10.0;
				LD_RUNPATH_SEARCH_PATHS = "$(inherited) @executable_path/Frameworks";
				PRODUCT_BUNDLE_IDENTIFIER = slowdony.SDDouYin;
				PRODUCT_NAME = "$(TARGET_NAME)";
				TARGETED_DEVICE_FAMILY = 1;
			};
			name = Release;
		};
		EF26CFB920A98F78004573D5 /* Debug */ = {
			isa = XCBuildConfiguration;
			buildSettings = {
				BUNDLE_LOADER = "$(TEST_HOST)";
				CODE_SIGN_STYLE = Automatic;
				INFOPLIST_FILE = SDDouYinTests/Info.plist;
				LD_RUNPATH_SEARCH_PATHS = "$(inherited) @executable_path/Frameworks @loader_path/Frameworks";
				PRODUCT_BUNDLE_IDENTIFIER = slowdony.SDDouYinTests;
				PRODUCT_NAME = "$(TARGET_NAME)";
				TARGETED_DEVICE_FAMILY = "1,2";
				TEST_HOST = "$(BUILT_PRODUCTS_DIR)/SDDouYin.app/SDDouYin";
			};
			name = Debug;
		};
		EF26CFBA20A98F78004573D5 /* Release */ = {
			isa = XCBuildConfiguration;
			buildSettings = {
				BUNDLE_LOADER = "$(TEST_HOST)";
				CODE_SIGN_STYLE = Automatic;
				INFOPLIST_FILE = SDDouYinTests/Info.plist;
				LD_RUNPATH_SEARCH_PATHS = "$(inherited) @executable_path/Frameworks @loader_path/Frameworks";
				PRODUCT_BUNDLE_IDENTIFIER = slowdony.SDDouYinTests;
				PRODUCT_NAME = "$(TARGET_NAME)";
				TARGETED_DEVICE_FAMILY = "1,2";
				TEST_HOST = "$(BUILT_PRODUCTS_DIR)/SDDouYin.app/SDDouYin";
			};
			name = Release;
		};
		EF26CFBC20A98F78004573D5 /* Debug */ = {
			isa = XCBuildConfiguration;
			buildSettings = {
				CODE_SIGN_STYLE = Automatic;
				INFOPLIST_FILE = SDDouYinUITests/Info.plist;
				LD_RUNPATH_SEARCH_PATHS = "$(inherited) @executable_path/Frameworks @loader_path/Frameworks";
				PRODUCT_BUNDLE_IDENTIFIER = slowdony.SDDouYinUITests;
				PRODUCT_NAME = "$(TARGET_NAME)";
				TARGETED_DEVICE_FAMILY = "1,2";
				TEST_TARGET_NAME = SDDouYin;
			};
			name = Debug;
		};
		EF26CFBD20A98F78004573D5 /* Release */ = {
			isa = XCBuildConfiguration;
			buildSettings = {
				CODE_SIGN_STYLE = Automatic;
				INFOPLIST_FILE = SDDouYinUITests/Info.plist;
				LD_RUNPATH_SEARCH_PATHS = "$(inherited) @executable_path/Frameworks @loader_path/Frameworks";
				PRODUCT_BUNDLE_IDENTIFIER = slowdony.SDDouYinUITests;
				PRODUCT_NAME = "$(TARGET_NAME)";
				TARGETED_DEVICE_FAMILY = "1,2";
				TEST_TARGET_NAME = SDDouYin;
			};
			name = Release;
		};
/* End XCBuildConfiguration section */

/* Begin XCConfigurationList section */
		EF26CF8420A98F73004573D5 /* Build configuration list for PBXProject "SDDouYin" */ = {
			isa = XCConfigurationList;
			buildConfigurations = (
				EF26CFB320A98F78004573D5 /* Debug */,
				EF26CFB420A98F78004573D5 /* Release */,
			);
			defaultConfigurationIsVisible = 0;
			defaultConfigurationName = Release;
		};
		EF26CFB520A98F78004573D5 /* Build configuration list for PBXNativeTarget "SDDouYin" */ = {
			isa = XCConfigurationList;
			buildConfigurations = (
				EF26CFB620A98F78004573D5 /* Debug */,
				EF26CFB720A98F78004573D5 /* Release */,
			);
			defaultConfigurationIsVisible = 0;
			defaultConfigurationName = Release;
		};
		EF26CFB820A98F78004573D5 /* Build configuration list for PBXNativeTarget "SDDouYinTests" */ = {
			isa = XCConfigurationList;
			buildConfigurations = (
				EF26CFB920A98F78004573D5 /* Debug */,
				EF26CFBA20A98F78004573D5 /* Release */,
			);
			defaultConfigurationIsVisible = 0;
			defaultConfigurationName = Release;
		};
		EF26CFBB20A98F78004573D5 /* Build configuration list for PBXNativeTarget "SDDouYinUITests" */ = {
			isa = XCConfigurationList;
			buildConfigurations = (
				EF26CFBC20A98F78004573D5 /* Debug */,
				EF26CFBD20A98F78004573D5 /* Release */,
			);
			defaultConfigurationIsVisible = 0;
			defaultConfigurationName = Release;
		};
/* End XCConfigurationList section */
	};
	rootObject = EF26CF8120A98F73004573D5 /* Project object */;
}
